// !$*UTF8*$!
{
	archiveVersion = 1;
	classes = {
	};
	objectVersion = 46;
	objects = {

/* Begin PBXBuildFile section */
		0ECD1FE11B5C510700D6CFA5 /* main.m in Sources */ = {isa = PBXBuildFile; fileRef = 0ECD1FE01B5C510700D6CFA5 /* main.m */; };
		0ECD1FE41B5C510700D6CFA5 /* AppDelegate.m in Sources */ = {isa = PBXBuildFile; fileRef = 0ECD1FE31B5C510700D6CFA5 /* AppDelegate.m */; };
		0ECD1FE71B5C510700D6CFA5 /* ViewController.m in Sources */ = {isa = PBXBuildFile; fileRef = 0ECD1FE61B5C510700D6CFA5 /* ViewController.m */; };
		0ECD1FEA1B5C510700D6CFA5 /* Main.storyboard in Resources */ = {isa = PBXBuildFile; fileRef = 0ECD1FE81B5C510700D6CFA5 /* Main.storyboard */; };
		0ECD1FEC1B5C510700D6CFA5 /* Images.xcassets in Resources */ = {isa = PBXBuildFile; fileRef = 0ECD1FEB1B5C510700D6CFA5 /* Images.xcassets */; };
		0ECD1FEF1B5C510700D6CFA5 /* LaunchScreen.xib in Resources */ = {isa = PBXBuildFile; fileRef = 0ECD1FED1B5C510700D6CFA5 /* LaunchScreen.xib */; };
		0ECD1FFB1B5C510700D6CFA5 /* Cuatro_X_CarroTests.m in Sources */ = {isa = PBXBuildFile; fileRef = 0ECD1FFA1B5C510700D6CFA5 /* Cuatro_X_CarroTests.m */; };
		0ECD200F1B5C534100D6CFA5 /* TIESingUpViewController.m in Sources */ = {isa = PBXBuildFile; fileRef = 0ECD200D1B5C534100D6CFA5 /* TIESingUpViewController.m */; };
		0ECD20101B5C534100D6CFA5 /* TIESingUpViewController.xib in Resources */ = {isa = PBXBuildFile; fileRef = 0ECD200E1B5C534100D6CFA5 /* TIESingUpViewController.xib */; };
		0ECD20141B5C77AC00D6CFA5 /* back.png in Resources */ = {isa = PBXBuildFile; fileRef = 0ECD20131B5C77AC00D6CFA5 /* back.png */; };
		0ECD20461B5CC44200D6CFA5 /* AbstractActionSheetPicker.m in Sources */ = {isa = PBXBuildFile; fileRef = 0ECD20351B5CC44200D6CFA5 /* AbstractActionSheetPicker.m */; };
		0ECD20471B5CC44200D6CFA5 /* ActionSheetCustomPicker.m in Sources */ = {isa = PBXBuildFile; fileRef = 0ECD20371B5CC44200D6CFA5 /* ActionSheetCustomPicker.m */; };
		0ECD20481B5CC44200D6CFA5 /* ActionSheetDatePicker.m in Sources */ = {isa = PBXBuildFile; fileRef = 0ECD203A1B5CC44200D6CFA5 /* ActionSheetDatePicker.m */; };
		0ECD20491B5CC44200D6CFA5 /* ActionSheetDistancePicker.m in Sources */ = {isa = PBXBuildFile; fileRef = 0ECD203C1B5CC44200D6CFA5 /* ActionSheetDistancePicker.m */; };
		0ECD204A1B5CC44200D6CFA5 /* ActionSheetLocalePicker.m in Sources */ = {isa = PBXBuildFile; fileRef = 0ECD203E1B5CC44200D6CFA5 /* ActionSheetLocalePicker.m */; };
		0ECD204B1B5CC44200D6CFA5 /* ActionSheetStringPicker.m in Sources */ = {isa = PBXBuildFile; fileRef = 0ECD20411B5CC44200D6CFA5 /* ActionSheetStringPicker.m */; };
		0ECD204C1B5CC44200D6CFA5 /* DistancePickerView.m in Sources */ = {isa = PBXBuildFile; fileRef = 0ECD20431B5CC44200D6CFA5 /* DistancePickerView.m */; };
		0ECD204D1B5CC44200D6CFA5 /* SWActionSheet.m in Sources */ = {isa = PBXBuildFile; fileRef = 0ECD20451B5CC44200D6CFA5 /* SWActionSheet.m */; };
		4E0399F053B6980A4D4C73FF /* libPods.a in Frameworks */ = {isa = PBXBuildFile; fileRef = 5EBDCA82F83C00E90A923900 /* libPods.a */; };
		CE0427301BE71BAE0098BA62 /* NSString+MD5.m in Sources */ = {isa = PBXBuildFile; fileRef = CE04272F1BE71BAE0098BA62 /* NSString+MD5.m */; };
		CE093F5A1C7A3DED00E839D1 /* login_boton.png in Resources */ = {isa = PBXBuildFile; fileRef = CE093F591C7A3DED00E839D1 /* login_boton.png */; };
		CE093F5C1C7A3E2800E839D1 /* pasajero_box.png in Resources */ = {isa = PBXBuildFile; fileRef = CE093F5B1C7A3E2800E839D1 /* pasajero_box.png */; };
		CE093F5E1C7A3E8F00E839D1 /* email_icon.png in Resources */ = {isa = PBXBuildFile; fileRef = CE093F5D1C7A3E8F00E839D1 /* email_icon.png */; };
		CE093F601C7A3E9900E839D1 /* fondo.png in Resources */ = {isa = PBXBuildFile; fileRef = CE093F5F1C7A3E9900E839D1 /* fondo.png */; };
		CE093F661C7A44EB00E839D1 /* key_icon.png in Resources */ = {isa = PBXBuildFile; fileRef = CE093F651C7A44EB00E839D1 /* key_icon.png */; };
		CE093F681C7A453A00E839D1 /* login_input.png in Resources */ = {isa = PBXBuildFile; fileRef = CE093F671C7A453A00E839D1 /* login_input.png */; };
		CE093F6B1C7AA3C700E839D1 /* registro.png in Resources */ = {isa = PBXBuildFile; fileRef = CE093F6A1C7AA3C700E839D1 /* registro.png */; };
		CE093F6F1C7AA81200E839D1 /* combo_box.png in Resources */ = {isa = PBXBuildFile; fileRef = CE093F6E1C7AA81200E839D1 /* combo_box.png */; };
		CE093F711C7AAB7100E839D1 /* register_boton.png in Resources */ = {isa = PBXBuildFile; fileRef = CE093F701C7AAB7100E839D1 /* register_boton.png */; };
		CE093F931C7ABC2500E839D1 /* perfil_off@2x~iphone.png in Resources */ = {isa = PBXBuildFile; fileRef = CE093F8F1C7ABC2500E839D1 /* perfil_off@2x~iphone.png */; };
		CE093F941C7ABC2500E839D1 /* perfil_on@2x~iphone.png in Resources */ = {isa = PBXBuildFile; fileRef = CE093F901C7ABC2500E839D1 /* perfil_on@2x~iphone.png */; };
		CE093F951C7ABC2500E839D1 /* viajes_off@2x~iphone.png in Resources */ = {isa = PBXBuildFile; fileRef = CE093F911C7ABC2500E839D1 /* viajes_off@2x~iphone.png */; };
		CE093F961C7ABC2500E839D1 /* viajes_on@2x~iphone.png in Resources */ = {isa = PBXBuildFile; fileRef = CE093F921C7ABC2500E839D1 /* viajes_on@2x~iphone.png */; };
		CE093F991C7ABC6400E839D1 /* program_off@2x~iphone.png in Resources */ = {isa = PBXBuildFile; fileRef = CE093F971C7ABC6400E839D1 /* program_off@2x~iphone.png */; };
		CE093F9A1C7ABC6400E839D1 /* program_on@2x~iphone.png in Resources */ = {isa = PBXBuildFile; fileRef = CE093F981C7ABC6400E839D1 /* program_on@2x~iphone.png */; };
		CE093F9E1C7AC4AD00E839D1 /* viajes_box.png in Resources */ = {isa = PBXBuildFile; fileRef = CE093F9D1C7AC4AD00E839D1 /* viajes_box.png */; };
		CE0ADCA11C02DD3F004B22DD /* LRouteController.m in Sources */ = {isa = PBXBuildFile; fileRef = CE0ADCA01C02DD3F004B22DD /* LRouteController.m */; };
		CE11ACAD1CA796AC005FC4CB /* logo_menu@2x~iphone.png in Resources */ = {isa = PBXBuildFile; fileRef = CE11ACAC1CA796AC005FC4CB /* logo_menu@2x~iphone.png */; };
		CE4AAB9E1BEED90F00C321DF /* Util.m in Sources */ = {isa = PBXBuildFile; fileRef = CE4AAB9D1BEED90F00C321DF /* Util.m */; };
		CE4AABA41BEEDCA300C321DF /* DefaultRequest.m in Sources */ = {isa = PBXBuildFile; fileRef = CE4AABA31BEEDCA300C321DF /* DefaultRequest.m */; };
		CE5DAAF91CD5975B001D7985 /* TIEMessageViewController.m in Sources */ = {isa = PBXBuildFile; fileRef = CE5DAAF71CD5975B001D7985 /* TIEMessageViewController.m */; };
		CE5DAAFA1CD5975B001D7985 /* TIEMessageViewController.xib in Resources */ = {isa = PBXBuildFile; fileRef = CE5DAAF81CD5975B001D7985 /* TIEMessageViewController.xib */; };
		CE5DAB011CD597AF001D7985 /* TIEPassengerViewController.m in Sources */ = {isa = PBXBuildFile; fileRef = CE5DAAFF1CD597AF001D7985 /* TIEPassengerViewController.m */; };
		CE5DAB021CD597AF001D7985 /* TIEPassengerViewController.xib in Resources */ = {isa = PBXBuildFile; fileRef = CE5DAB001CD597AF001D7985 /* TIEPassengerViewController.xib */; };
		CE6825DD1BE87D3100513135 /* RadioButton.m in Sources */ = {isa = PBXBuildFile; fileRef = CE6825DC1BE87D3100513135 /* RadioButton.m */; };
		CE6D6E4D1CC2911C000CCA0D /* TIEStatisticsViewController.m in Sources */ = {isa = PBXBuildFile; fileRef = CE6D6E4B1CC2911C000CCA0D /* TIEStatisticsViewController.m */; };
		CE6D6E4E1CC2911C000CCA0D /* TIEStatisticsViewController.xib in Resources */ = {isa = PBXBuildFile; fileRef = CE6D6E4C1CC2911C000CCA0D /* TIEStatisticsViewController.xib */; };
		CE74FD091CD698C6006B4B22 /* chat_box_other.png in Resources */ = {isa = PBXBuildFile; fileRef = CE74FD071CD698C6006B4B22 /* chat_box_other.png */; };
		CE74FD0A1CD698C6006B4B22 /* chat_box_user.png in Resources */ = {isa = PBXBuildFile; fileRef = CE74FD081CD698C6006B4B22 /* chat_box_user.png */; };
		CE79AE141C83A33000440475 /* image_perfil_1.png in Resources */ = {isa = PBXBuildFile; fileRef = CE79AE131C83A33000440475 /* image_perfil_1.png */; };
		CE79AE171C83A80D00440475 /* chat_off.png in Resources */ = {isa = PBXBuildFile; fileRef = CE79AE151C83A80D00440475 /* chat_off.png */; };
		CE79AE181C83A80D00440475 /* chat_on.png in Resources */ = {isa = PBXBuildFile; fileRef = CE79AE161C83A80D00440475 /* chat_on.png */; };
		CE79AE1B1C83BACA00440475 /* star_off.png in Resources */ = {isa = PBXBuildFile; fileRef = CE79AE191C83BACA00440475 /* star_off.png */; };
		CE79AE1C1C83BACA00440475 /* star_on.png in Resources */ = {isa = PBXBuildFile; fileRef = CE79AE1A1C83BACA00440475 /* star_on.png */; };
		CE79AE1F1C83E7A900440475 /* perfil_box.png in Resources */ = {isa = PBXBuildFile; fileRef = CE79AE1E1C83E7A900440475 /* perfil_box.png */; };
		CE79AE211C83E81000440475 /* image_perfil_2.png in Resources */ = {isa = PBXBuildFile; fileRef = CE79AE201C83E81000440475 /* image_perfil_2.png */; };
		CE79AE231C83E8EB00440475 /* edit_boton.png in Resources */ = {isa = PBXBuildFile; fileRef = CE79AE221C83E8EB00440475 /* edit_boton.png */; };
		CE79AE251C83E8F400440475 /* statistics_boton.png in Resources */ = {isa = PBXBuildFile; fileRef = CE79AE241C83E8F400440475 /* statistics_boton.png */; };
		CE79AE271C83E9FE00440475 /* fondo_tab_1.png in Resources */ = {isa = PBXBuildFile; fileRef = CE79AE261C83E9FE00440475 /* fondo_tab_1.png */; };
		CE79AE2A1C83EA0900440475 /* fondo_tab_2.png in Resources */ = {isa = PBXBuildFile; fileRef = CE79AE281C83EA0900440475 /* fondo_tab_2.png */; };
		CE79AE2B1C83EA0900440475 /* fondo_tab_3.png in Resources */ = {isa = PBXBuildFile; fileRef = CE79AE291C83EA0900440475 /* fondo_tab_3.png */; };
		CE79AE2D1C83EEA900440475 /* regreso_png.png in Resources */ = {isa = PBXBuildFile; fileRef = CE79AE2C1C83EEA900440475 /* regreso_png.png */; };
		CE79AE301C83EEBE00440475 /* dia_icon.png in Resources */ = {isa = PBXBuildFile; fileRef = CE79AE2E1C83EEBE00440475 /* dia_icon.png */; };
		CE79AE311C83EEBE00440475 /* ida_png.png in Resources */ = {isa = PBXBuildFile; fileRef = CE79AE2F1C83EEBE00440475 /* ida_png.png */; };
		CE79AE331C83F1EF00440475 /* help_boton.png in Resources */ = {isa = PBXBuildFile; fileRef = CE79AE321C83F1EF00440475 /* help_boton.png */; };
		CE79AE361C83F34F00440475 /* ambos_icon.png in Resources */ = {isa = PBXBuildFile; fileRef = CE79AE351C83F34F00440475 /* ambos_icon.png */; };
		CE79AE381C83F35800440475 /* add_boton.png in Resources */ = {isa = PBXBuildFile; fileRef = CE79AE371C83F35800440475 /* add_boton.png */; };
		CE79AE3A1C83F36C00440475 /* save_boton.png in Resources */ = {isa = PBXBuildFile; fileRef = CE79AE391C83F36C00440475 /* save_boton.png */; };
		CE79AE3D1C83F4BD00440475 /* checked.png in Resources */ = {isa = PBXBuildFile; fileRef = CE79AE3B1C83F4BD00440475 /* checked.png */; };
		CE79AE3E1C83F4BD00440475 /* unchecked.png in Resources */ = {isa = PBXBuildFile; fileRef = CE79AE3C1C83F4BD00440475 /* unchecked.png */; };
		CE79AE411C83F95D00440475 /* conductor_on.png in Resources */ = {isa = PBXBuildFile; fileRef = CE79AE401C83F95D00440475 /* conductor_on.png */; };
		CE79AE441C83F98500440475 /* slider_boton.png in Resources */ = {isa = PBXBuildFile; fileRef = CE79AE421C83F98500440475 /* slider_boton.png */; };
		CE79AE451C83F98500440475 /* slider_circle.png in Resources */ = {isa = PBXBuildFile; fileRef = CE79AE431C83F98500440475 /* slider_circle.png */; };
		CE79AE481C83F9CE00440475 /* aceptar_boton.png in Resources */ = {isa = PBXBuildFile; fileRef = CE79AE461C83F9CE00440475 /* aceptar_boton.png */; };
		CE79AE491C83F9CE00440475 /* cancel_boton.png in Resources */ = {isa = PBXBuildFile; fileRef = CE79AE471C83F9CE00440475 /* cancel_boton.png */; };
		CE79AE4B1C83FA1E00440475 /* pasajero_on.png in Resources */ = {isa = PBXBuildFile; fileRef = CE79AE4A1C83FA1E00440475 /* pasajero_on.png */; };
		CE79AE4E1C83FC5500440475 /* check_off.png in Resources */ = {isa = PBXBuildFile; fileRef = CE79AE4C1C83FC5500440475 /* check_off.png */; };
		CE79AE4F1C83FC5500440475 /* check_on.png in Resources */ = {isa = PBXBuildFile; fileRef = CE79AE4D1C83FC5500440475 /* check_on.png */; };
		CE79AE511C83FCF600440475 /* conductor_data_box.png in Resources */ = {isa = PBXBuildFile; fileRef = CE79AE501C83FCF600440475 /* conductor_data_box.png */; };
		CE79AE531C83FE5A00440475 /* search_boton.png in Resources */ = {isa = PBXBuildFile; fileRef = CE79AE521C83FE5A00440475 /* search_boton.png */; };
		CE81944A1CDAFA9E00B95882 /* TIELoginViewController.m in Sources */ = {isa = PBXBuildFile; fileRef = CE8194481CDAFA9E00B95882 /* TIELoginViewController.m */; };
		CE81944B1CDAFA9E00B95882 /* TIELoginViewController.xib in Resources */ = {isa = PBXBuildFile; fileRef = CE8194491CDAFA9E00B95882 /* TIELoginViewController.xib */; };
		CE8194531CDAFBC300B95882 /* TIERecoverPassViewController.m in Sources */ = {isa = PBXBuildFile; fileRef = CE8194511CDAFBC300B95882 /* TIERecoverPassViewController.m */; };
		CE8194541CDAFBC300B95882 /* TIERecoverPassViewController.xib in Resources */ = {isa = PBXBuildFile; fileRef = CE8194521CDAFBC300B95882 /* TIERecoverPassViewController.xib */; };
		CE8F3FF51BB8A190003D8CDD /* TIEMyScheduleViewController.m in Sources */ = {isa = PBXBuildFile; fileRef = CE8F3FF31BB8A190003D8CDD /* TIEMyScheduleViewController.m */; };
		CE8F3FF61BB8A190003D8CDD /* TIEMyScheduleViewController.xib in Resources */ = {isa = PBXBuildFile; fileRef = CE8F3FF41BB8A190003D8CDD /* TIEMyScheduleViewController.xib */; };
		CE8F3FFA1BB8A4FF003D8CDD /* TIETravelDetailsViewController.m in Sources */ = {isa = PBXBuildFile; fileRef = CE8F3FF81BB8A4FF003D8CDD /* TIETravelDetailsViewController.m */; };
		CE8F3FFB1BB8A4FF003D8CDD /* TIETravelDetailsViewController.xib in Resources */ = {isa = PBXBuildFile; fileRef = CE8F3FF91BB8A4FF003D8CDD /* TIETravelDetailsViewController.xib */; };
		CE8F40041BB8C081003D8CDD /* TIEApplicationsViewController.m in Sources */ = {isa = PBXBuildFile; fileRef = CE8F40021BB8C081003D8CDD /* TIEApplicationsViewController.m */; };
		CE8F40051BB8C081003D8CDD /* TIEApplicationsViewController.xib in Resources */ = {isa = PBXBuildFile; fileRef = CE8F40031BB8C081003D8CDD /* TIEApplicationsViewController.xib */; };
		CE8F400F1BB8D2C1003D8CDD /* TIESearchTravelViewController.m in Sources */ = {isa = PBXBuildFile; fileRef = CE8F400D1BB8D2C1003D8CDD /* TIESearchTravelViewController.m */; };
		CE8F40101BB8D2C1003D8CDD /* TIESearchTravelViewController.xib in Resources */ = {isa = PBXBuildFile; fileRef = CE8F400E1BB8D2C1003D8CDD /* TIESearchTravelViewController.xib */; };
		CEFB75971C420389003EA201 /* LGSimpleChat.swift in Sources */ = {isa = PBXBuildFile; fileRef = CEFB75961C420389003EA201 /* LGSimpleChat.swift */; };
		CEFD84581BAF3A6300410730 /* TIETrayTravelsTableViewController.m in Sources */ = {isa = PBXBuildFile; fileRef = CEFD84561BAF3A6300410730 /* TIETrayTravelsTableViewController.m */; };
		CEFD84591BAF3A6300410730 /* TIETrayTravelsTableViewController.xib in Resources */ = {isa = PBXBuildFile; fileRef = CEFD84571BAF3A6300410730 /* TIETrayTravelsTableViewController.xib */; };
		CEFD845D1BAF3B7100410730 /* TIEProfileViewController.m in Sources */ = {isa = PBXBuildFile; fileRef = CEFD845B1BAF3B7100410730 /* TIEProfileViewController.m */; };
		CEFD845E1BAF3B7100410730 /* TIEProfileViewController.xib in Resources */ = {isa = PBXBuildFile; fileRef = CEFD845C1BAF3B7100410730 /* TIEProfileViewController.xib */; };
		CEFD84621BAF3BFE00410730 /* TIEScheduleTripViewController.m in Sources */ = {isa = PBXBuildFile; fileRef = CEFD84601BAF3BFE00410730 /* TIEScheduleTripViewController.m */; };
		CEFD84631BAF3BFE00410730 /* TIEScheduleTripViewController.xib in Resources */ = {isa = PBXBuildFile; fileRef = CEFD84611BAF3BFE00410730 /* TIEScheduleTripViewController.xib */; };
		CEFD84681BAF468400410730 /* TIETravelCustomCellTableViewCell.m in Sources */ = {isa = PBXBuildFile; fileRef = CEFD84661BAF468400410730 /* TIETravelCustomCellTableViewCell.m */; };
		CEFD84691BAF468400410730 /* TIETravelCustomCellTableViewCell.xib in Resources */ = {isa = PBXBuildFile; fileRef = CEFD84671BAF468400410730 /* TIETravelCustomCellTableViewCell.xib */; };
		CEFD84701BAF4DA200410730 /* default.icon.png in Resources */ = {isa = PBXBuildFile; fileRef = CEFD846B1BAF4DA200410730 /* default.icon.png */; };
		CEFD84711BAF4DA200410730 /* rate_empty.png in Resources */ = {isa = PBXBuildFile; fileRef = CEFD846C1BAF4DA200410730 /* rate_empty.png */; };
		CEFD84721BAF4DA200410730 /* rate_full.png in Resources */ = {isa = PBXBuildFile; fileRef = CEFD846D1BAF4DA200410730 /* rate_full.png */; };
		CEFD84731BAF4DA200410730 /* seat_empty.png in Resources */ = {isa = PBXBuildFile; fileRef = CEFD846E1BAF4DA200410730 /* seat_empty.png */; };
		CEFD84741BAF4DA200410730 /* seat_full.png in Resources */ = {isa = PBXBuildFile; fileRef = CEFD846F1BAF4DA200410730 /* seat_full.png */; };
		CEFE54A01BB855F60048A556 /* logo.png in Resources */ = {isa = PBXBuildFile; fileRef = CEFE549F1BB855F60048A556 /* logo.png */; };
/* End PBXBuildFile section */

/* Begin PBXContainerItemProxy section */
		0ECD1FF51B5C510700D6CFA5 /* PBXContainerItemProxy */ = {
			isa = PBXContainerItemProxy;
			containerPortal = 0ECD1FD31B5C510600D6CFA5 /* Project object */;
			proxyType = 1;
			remoteGlobalIDString = 0ECD1FDA1B5C510700D6CFA5;
			remoteInfo = "Cuatro X Carro";
		};
/* End PBXContainerItemProxy section */

/* Begin PBXFileReference section */
		0ECD1FDB1B5C510700D6CFA5 /* Cuatro X Carro.app */ = {isa = PBXFileReference; explicitFileType = wrapper.application; includeInIndex = 0; path = "Cuatro X Carro.app"; sourceTree = BUILT_PRODUCTS_DIR; };
		0ECD1FDF1B5C510700D6CFA5 /* Info.plist */ = {isa = PBXFileReference; lastKnownFileType = text.plist.xml; path = Info.plist; sourceTree = "<group>"; };
		0ECD1FE01B5C510700D6CFA5 /* main.m */ = {isa = PBXFileReference; lastKnownFileType = sourcecode.c.objc; path = main.m; sourceTree = "<group>"; };
		0ECD1FE21B5C510700D6CFA5 /* AppDelegate.h */ = {isa = PBXFileReference; lastKnownFileType = sourcecode.c.h; path = AppDelegate.h; sourceTree = "<group>"; };
		0ECD1FE31B5C510700D6CFA5 /* AppDelegate.m */ = {isa = PBXFileReference; lastKnownFileType = sourcecode.c.objc; path = AppDelegate.m; sourceTree = "<group>"; };
		0ECD1FE51B5C510700D6CFA5 /* ViewController.h */ = {isa = PBXFileReference; lastKnownFileType = sourcecode.c.h; path = ViewController.h; sourceTree = "<group>"; };
		0ECD1FE61B5C510700D6CFA5 /* ViewController.m */ = {isa = PBXFileReference; lastKnownFileType = sourcecode.c.objc; path = ViewController.m; sourceTree = "<group>"; };
		0ECD1FE91B5C510700D6CFA5 /* Base */ = {isa = PBXFileReference; lastKnownFileType = file.storyboard; name = Base; path = Base.lproj/Main.storyboard; sourceTree = "<group>"; };
		0ECD1FEB1B5C510700D6CFA5 /* Images.xcassets */ = {isa = PBXFileReference; lastKnownFileType = folder.assetcatalog; path = Images.xcassets; sourceTree = "<group>"; };
		0ECD1FEE1B5C510700D6CFA5 /* Base */ = {isa = PBXFileReference; lastKnownFileType = file.xib; name = Base; path = Base.lproj/LaunchScreen.xib; sourceTree = "<group>"; };
		0ECD1FF41B5C510700D6CFA5 /* Cuatro X CarroTests.xctest */ = {isa = PBXFileReference; explicitFileType = wrapper.cfbundle; includeInIndex = 0; path = "Cuatro X CarroTests.xctest"; sourceTree = BUILT_PRODUCTS_DIR; };
		0ECD1FF91B5C510700D6CFA5 /* Info.plist */ = {isa = PBXFileReference; lastKnownFileType = text.plist.xml; path = Info.plist; sourceTree = "<group>"; };
		0ECD1FFA1B5C510700D6CFA5 /* Cuatro_X_CarroTests.m */ = {isa = PBXFileReference; lastKnownFileType = sourcecode.c.objc; path = Cuatro_X_CarroTests.m; sourceTree = "<group>"; };
		0ECD200C1B5C534100D6CFA5 /* TIESingUpViewController.h */ = {isa = PBXFileReference; fileEncoding = 4; lastKnownFileType = sourcecode.c.h; path = TIESingUpViewController.h; sourceTree = "<group>"; };
		0ECD200D1B5C534100D6CFA5 /* TIESingUpViewController.m */ = {isa = PBXFileReference; fileEncoding = 4; lastKnownFileType = sourcecode.c.objc; path = TIESingUpViewController.m; sourceTree = "<group>"; };
		0ECD200E1B5C534100D6CFA5 /* TIESingUpViewController.xib */ = {isa = PBXFileReference; fileEncoding = 4; lastKnownFileType = file.xib; path = TIESingUpViewController.xib; sourceTree = "<group>"; };
		0ECD20131B5C77AC00D6CFA5 /* back.png */ = {isa = PBXFileReference; lastKnownFileType = image.png; path = back.png; sourceTree = "<group>"; };
		0ECD20341B5CC44200D6CFA5 /* AbstractActionSheetPicker.h */ = {isa = PBXFileReference; fileEncoding = 4; lastKnownFileType = sourcecode.c.h; path = AbstractActionSheetPicker.h; sourceTree = "<group>"; };
		0ECD20351B5CC44200D6CFA5 /* AbstractActionSheetPicker.m */ = {isa = PBXFileReference; fileEncoding = 4; lastKnownFileType = sourcecode.c.objc; path = AbstractActionSheetPicker.m; sourceTree = "<group>"; };
		0ECD20361B5CC44200D6CFA5 /* ActionSheetCustomPicker.h */ = {isa = PBXFileReference; fileEncoding = 4; lastKnownFileType = sourcecode.c.h; path = ActionSheetCustomPicker.h; sourceTree = "<group>"; };
		0ECD20371B5CC44200D6CFA5 /* ActionSheetCustomPicker.m */ = {isa = PBXFileReference; fileEncoding = 4; lastKnownFileType = sourcecode.c.objc; path = ActionSheetCustomPicker.m; sourceTree = "<group>"; };
		0ECD20381B5CC44200D6CFA5 /* ActionSheetCustomPickerDelegate.h */ = {isa = PBXFileReference; fileEncoding = 4; lastKnownFileType = sourcecode.c.h; path = ActionSheetCustomPickerDelegate.h; sourceTree = "<group>"; };
		0ECD20391B5CC44200D6CFA5 /* ActionSheetDatePicker.h */ = {isa = PBXFileReference; fileEncoding = 4; lastKnownFileType = sourcecode.c.h; path = ActionSheetDatePicker.h; sourceTree = "<group>"; };
		0ECD203A1B5CC44200D6CFA5 /* ActionSheetDatePicker.m */ = {isa = PBXFileReference; fileEncoding = 4; lastKnownFileType = sourcecode.c.objc; path = ActionSheetDatePicker.m; sourceTree = "<group>"; };
		0ECD203B1B5CC44200D6CFA5 /* ActionSheetDistancePicker.h */ = {isa = PBXFileReference; fileEncoding = 4; lastKnownFileType = sourcecode.c.h; path = ActionSheetDistancePicker.h; sourceTree = "<group>"; };
		0ECD203C1B5CC44200D6CFA5 /* ActionSheetDistancePicker.m */ = {isa = PBXFileReference; fileEncoding = 4; lastKnownFileType = sourcecode.c.objc; path = ActionSheetDistancePicker.m; sourceTree = "<group>"; };
		0ECD203D1B5CC44200D6CFA5 /* ActionSheetLocalePicker.h */ = {isa = PBXFileReference; fileEncoding = 4; lastKnownFileType = sourcecode.c.h; path = ActionSheetLocalePicker.h; sourceTree = "<group>"; };
		0ECD203E1B5CC44200D6CFA5 /* ActionSheetLocalePicker.m */ = {isa = PBXFileReference; fileEncoding = 4; lastKnownFileType = sourcecode.c.objc; path = ActionSheetLocalePicker.m; sourceTree = "<group>"; };
		0ECD203F1B5CC44200D6CFA5 /* ActionSheetPicker.h */ = {isa = PBXFileReference; fileEncoding = 4; lastKnownFileType = sourcecode.c.h; path = ActionSheetPicker.h; sourceTree = "<group>"; };
		0ECD20401B5CC44200D6CFA5 /* ActionSheetStringPicker.h */ = {isa = PBXFileReference; fileEncoding = 4; lastKnownFileType = sourcecode.c.h; path = ActionSheetStringPicker.h; sourceTree = "<group>"; };
		0ECD20411B5CC44200D6CFA5 /* ActionSheetStringPicker.m */ = {isa = PBXFileReference; fileEncoding = 4; lastKnownFileType = sourcecode.c.objc; path = ActionSheetStringPicker.m; sourceTree = "<group>"; };
		0ECD20421B5CC44200D6CFA5 /* DistancePickerView.h */ = {isa = PBXFileReference; fileEncoding = 4; lastKnownFileType = sourcecode.c.h; path = DistancePickerView.h; sourceTree = "<group>"; };
		0ECD20431B5CC44200D6CFA5 /* DistancePickerView.m */ = {isa = PBXFileReference; fileEncoding = 4; lastKnownFileType = sourcecode.c.objc; path = DistancePickerView.m; sourceTree = "<group>"; };
		0ECD20441B5CC44200D6CFA5 /* SWActionSheet.h */ = {isa = PBXFileReference; fileEncoding = 4; lastKnownFileType = sourcecode.c.h; path = SWActionSheet.h; sourceTree = "<group>"; };
		0ECD20451B5CC44200D6CFA5 /* SWActionSheet.m */ = {isa = PBXFileReference; fileEncoding = 4; lastKnownFileType = sourcecode.c.objc; path = SWActionSheet.m; sourceTree = "<group>"; };
		467A8D47BB8752E3F36297FB /* Pods.release.xcconfig */ = {isa = PBXFileReference; includeInIndex = 1; lastKnownFileType = text.xcconfig; name = Pods.release.xcconfig; path = "Pods/Target Support Files/Pods/Pods.release.xcconfig"; sourceTree = "<group>"; };
		5EBDCA82F83C00E90A923900 /* libPods.a */ = {isa = PBXFileReference; explicitFileType = archive.ar; includeInIndex = 0; path = libPods.a; sourceTree = BUILT_PRODUCTS_DIR; };
		6AB3D93DCDFE9C93631D1657 /* Pods.debug.xcconfig */ = {isa = PBXFileReference; includeInIndex = 1; lastKnownFileType = text.xcconfig; name = Pods.debug.xcconfig; path = "Pods/Target Support Files/Pods/Pods.debug.xcconfig"; sourceTree = "<group>"; };
		CE04272E1BE71BAE0098BA62 /* NSString+MD5.h */ = {isa = PBXFileReference; fileEncoding = 4; lastKnownFileType = sourcecode.c.h; path = "NSString+MD5.h"; sourceTree = "<group>"; };
		CE04272F1BE71BAE0098BA62 /* NSString+MD5.m */ = {isa = PBXFileReference; fileEncoding = 4; lastKnownFileType = sourcecode.c.objc; path = "NSString+MD5.m"; sourceTree = "<group>"; };
		CE093F591C7A3DED00E839D1 /* login_boton.png */ = {isa = PBXFileReference; lastKnownFileType = image.png; path = login_boton.png; sourceTree = "<group>"; };
		CE093F5B1C7A3E2800E839D1 /* pasajero_box.png */ = {isa = PBXFileReference; lastKnownFileType = image.png; path = pasajero_box.png; sourceTree = "<group>"; };
		CE093F5D1C7A3E8F00E839D1 /* email_icon.png */ = {isa = PBXFileReference; lastKnownFileType = image.png; path = email_icon.png; sourceTree = "<group>"; };
		CE093F5F1C7A3E9900E839D1 /* fondo.png */ = {isa = PBXFileReference; lastKnownFileType = image.png; path = fondo.png; sourceTree = "<group>"; };
		CE093F651C7A44EB00E839D1 /* key_icon.png */ = {isa = PBXFileReference; lastKnownFileType = image.png; path = key_icon.png; sourceTree = "<group>"; };
		CE093F671C7A453A00E839D1 /* login_input.png */ = {isa = PBXFileReference; lastKnownFileType = image.png; path = login_input.png; sourceTree = "<group>"; };
		CE093F6A1C7AA3C700E839D1 /* registro.png */ = {isa = PBXFileReference; lastKnownFileType = image.png; path = registro.png; sourceTree = "<group>"; };
		CE093F6E1C7AA81200E839D1 /* combo_box.png */ = {isa = PBXFileReference; lastKnownFileType = image.png; path = combo_box.png; sourceTree = "<group>"; };
		CE093F701C7AAB7100E839D1 /* register_boton.png */ = {isa = PBXFileReference; lastKnownFileType = image.png; path = register_boton.png; sourceTree = "<group>"; };
		CE093F8F1C7ABC2500E839D1 /* perfil_off@2x~iphone.png */ = {isa = PBXFileReference; lastKnownFileType = image.png; path = "perfil_off@2x~iphone.png"; sourceTree = "<group>"; };
		CE093F901C7ABC2500E839D1 /* perfil_on@2x~iphone.png */ = {isa = PBXFileReference; lastKnownFileType = image.png; path = "perfil_on@2x~iphone.png"; sourceTree = "<group>"; };
		CE093F911C7ABC2500E839D1 /* viajes_off@2x~iphone.png */ = {isa = PBXFileReference; lastKnownFileType = image.png; path = "viajes_off@2x~iphone.png"; sourceTree = "<group>"; };
		CE093F921C7ABC2500E839D1 /* viajes_on@2x~iphone.png */ = {isa = PBXFileReference; lastKnownFileType = image.png; path = "viajes_on@2x~iphone.png"; sourceTree = "<group>"; };
		CE093F971C7ABC6400E839D1 /* program_off@2x~iphone.png */ = {isa = PBXFileReference; lastKnownFileType = image.png; path = "program_off@2x~iphone.png"; sourceTree = "<group>"; };
		CE093F981C7ABC6400E839D1 /* program_on@2x~iphone.png */ = {isa = PBXFileReference; lastKnownFileType = image.png; path = "program_on@2x~iphone.png"; sourceTree = "<group>"; };
		CE093F9D1C7AC4AD00E839D1 /* viajes_box.png */ = {isa = PBXFileReference; lastKnownFileType = image.png; path = viajes_box.png; sourceTree = "<group>"; };
		CE0ADC9F1C02DD3F004B22DD /* LRouteController.h */ = {isa = PBXFileReference; fileEncoding = 4; lastKnownFileType = sourcecode.c.h; path = LRouteController.h; sourceTree = "<group>"; };
		CE0ADCA01C02DD3F004B22DD /* LRouteController.m */ = {isa = PBXFileReference; fileEncoding = 4; lastKnownFileType = sourcecode.c.objc; path = LRouteController.m; sourceTree = "<group>"; };
		CE11ACAC1CA796AC005FC4CB /* logo_menu@2x~iphone.png */ = {isa = PBXFileReference; lastKnownFileType = image.png; path = "logo_menu@2x~iphone.png"; sourceTree = "<group>"; };
		CE4AAB9C1BEED90F00C321DF /* Util.h */ = {isa = PBXFileReference; fileEncoding = 4; lastKnownFileType = sourcecode.c.h; path = Util.h; sourceTree = "<group>"; };
		CE4AAB9D1BEED90F00C321DF /* Util.m */ = {isa = PBXFileReference; fileEncoding = 4; lastKnownFileType = sourcecode.c.objc; path = Util.m; sourceTree = "<group>"; };
		CE4AABA21BEEDCA300C321DF /* DefaultRequest.h */ = {isa = PBXFileReference; fileEncoding = 4; lastKnownFileType = sourcecode.c.h; path = DefaultRequest.h; sourceTree = "<group>"; };
		CE4AABA31BEEDCA300C321DF /* DefaultRequest.m */ = {isa = PBXFileReference; fileEncoding = 4; lastKnownFileType = sourcecode.c.objc; path = DefaultRequest.m; sourceTree = "<group>"; };
		CE5DAAF61CD5975B001D7985 /* TIEMessageViewController.h */ = {isa = PBXFileReference; fileEncoding = 4; lastKnownFileType = sourcecode.c.h; path = TIEMessageViewController.h; sourceTree = "<group>"; };
		CE5DAAF71CD5975B001D7985 /* TIEMessageViewController.m */ = {isa = PBXFileReference; fileEncoding = 4; lastKnownFileType = sourcecode.c.objc; path = TIEMessageViewController.m; sourceTree = "<group>"; };
		CE5DAAF81CD5975B001D7985 /* TIEMessageViewController.xib */ = {isa = PBXFileReference; fileEncoding = 4; lastKnownFileType = file.xib; path = TIEMessageViewController.xib; sourceTree = "<group>"; };
		CE5DAAFE1CD597AF001D7985 /* TIEPassengerViewController.h */ = {isa = PBXFileReference; fileEncoding = 4; lastKnownFileType = sourcecode.c.h; path = TIEPassengerViewController.h; sourceTree = "<group>"; };
		CE5DAAFF1CD597AF001D7985 /* TIEPassengerViewController.m */ = {isa = PBXFileReference; fileEncoding = 4; lastKnownFileType = sourcecode.c.objc; path = TIEPassengerViewController.m; sourceTree = "<group>"; };
		CE5DAB001CD597AF001D7985 /* TIEPassengerViewController.xib */ = {isa = PBXFileReference; fileEncoding = 4; lastKnownFileType = file.xib; path = TIEPassengerViewController.xib; sourceTree = "<group>"; };
		CE6825DB1BE87D3100513135 /* RadioButton.h */ = {isa = PBXFileReference; fileEncoding = 4; lastKnownFileType = sourcecode.c.h; path = RadioButton.h; sourceTree = "<group>"; };
		CE6825DC1BE87D3100513135 /* RadioButton.m */ = {isa = PBXFileReference; fileEncoding = 4; lastKnownFileType = sourcecode.c.objc; path = RadioButton.m; sourceTree = "<group>"; };
		CE6D6E4A1CC2911C000CCA0D /* TIEStatisticsViewController.h */ = {isa = PBXFileReference; fileEncoding = 4; lastKnownFileType = sourcecode.c.h; path = TIEStatisticsViewController.h; sourceTree = "<group>"; };
		CE6D6E4B1CC2911C000CCA0D /* TIEStatisticsViewController.m */ = {isa = PBXFileReference; fileEncoding = 4; lastKnownFileType = sourcecode.c.objc; path = TIEStatisticsViewController.m; sourceTree = "<group>"; };
		CE6D6E4C1CC2911C000CCA0D /* TIEStatisticsViewController.xib */ = {isa = PBXFileReference; fileEncoding = 4; lastKnownFileType = file.xib; path = TIEStatisticsViewController.xib; sourceTree = "<group>"; };
		CE74FD071CD698C6006B4B22 /* chat_box_other.png */ = {isa = PBXFileReference; lastKnownFileType = image.png; path = chat_box_other.png; sourceTree = "<group>"; };
		CE74FD081CD698C6006B4B22 /* chat_box_user.png */ = {isa = PBXFileReference; lastKnownFileType = image.png; path = chat_box_user.png; sourceTree = "<group>"; };
		CE79AE131C83A33000440475 /* image_perfil_1.png */ = {isa = PBXFileReference; lastKnownFileType = image.png; path = image_perfil_1.png; sourceTree = "<group>"; };
		CE79AE151C83A80D00440475 /* chat_off.png */ = {isa = PBXFileReference; lastKnownFileType = image.png; path = chat_off.png; sourceTree = "<group>"; };
		CE79AE161C83A80D00440475 /* chat_on.png */ = {isa = PBXFileReference; lastKnownFileType = image.png; path = chat_on.png; sourceTree = "<group>"; };
		CE79AE191C83BACA00440475 /* star_off.png */ = {isa = PBXFileReference; lastKnownFileType = image.png; path = star_off.png; sourceTree = "<group>"; };
		CE79AE1A1C83BACA00440475 /* star_on.png */ = {isa = PBXFileReference; lastKnownFileType = image.png; path = star_on.png; sourceTree = "<group>"; };
		CE79AE1E1C83E7A900440475 /* perfil_box.png */ = {isa = PBXFileReference; lastKnownFileType = image.png; path = perfil_box.png; sourceTree = "<group>"; };
		CE79AE201C83E81000440475 /* image_perfil_2.png */ = {isa = PBXFileReference; lastKnownFileType = image.png; path = image_perfil_2.png; sourceTree = "<group>"; };
		CE79AE221C83E8EB00440475 /* edit_boton.png */ = {isa = PBXFileReference; lastKnownFileType = image.png; path = edit_boton.png; sourceTree = "<group>"; };
		CE79AE241C83E8F400440475 /* statistics_boton.png */ = {isa = PBXFileReference; lastKnownFileType = image.png; path = statistics_boton.png; sourceTree = "<group>"; };
		CE79AE261C83E9FE00440475 /* fondo_tab_1.png */ = {isa = PBXFileReference; lastKnownFileType = image.png; path = fondo_tab_1.png; sourceTree = "<group>"; };
		CE79AE281C83EA0900440475 /* fondo_tab_2.png */ = {isa = PBXFileReference; lastKnownFileType = image.png; path = fondo_tab_2.png; sourceTree = "<group>"; };
		CE79AE291C83EA0900440475 /* fondo_tab_3.png */ = {isa = PBXFileReference; lastKnownFileType = image.png; path = fondo_tab_3.png; sourceTree = "<group>"; };
		CE79AE2C1C83EEA900440475 /* regreso_png.png */ = {isa = PBXFileReference; lastKnownFileType = image.png; path = regreso_png.png; sourceTree = "<group>"; };
		CE79AE2E1C83EEBE00440475 /* dia_icon.png */ = {isa = PBXFileReference; lastKnownFileType = image.png; path = dia_icon.png; sourceTree = "<group>"; };
		CE79AE2F1C83EEBE00440475 /* ida_png.png */ = {isa = PBXFileReference; lastKnownFileType = image.png; path = ida_png.png; sourceTree = "<group>"; };
		CE79AE321C83F1EF00440475 /* help_boton.png */ = {isa = PBXFileReference; lastKnownFileType = image.png; path = help_boton.png; sourceTree = "<group>"; };
		CE79AE351C83F34F00440475 /* ambos_icon.png */ = {isa = PBXFileReference; lastKnownFileType = image.png; path = ambos_icon.png; sourceTree = "<group>"; };
		CE79AE371C83F35800440475 /* add_boton.png */ = {isa = PBXFileReference; lastKnownFileType = image.png; path = add_boton.png; sourceTree = "<group>"; };
		CE79AE391C83F36C00440475 /* save_boton.png */ = {isa = PBXFileReference; lastKnownFileType = image.png; path = save_boton.png; sourceTree = "<group>"; };
		CE79AE3B1C83F4BD00440475 /* checked.png */ = {isa = PBXFileReference; lastKnownFileType = image.png; path = checked.png; sourceTree = "<group>"; };
		CE79AE3C1C83F4BD00440475 /* unchecked.png */ = {isa = PBXFileReference; lastKnownFileType = image.png; path = unchecked.png; sourceTree = "<group>"; };
		CE79AE401C83F95D00440475 /* conductor_on.png */ = {isa = PBXFileReference; lastKnownFileType = image.png; path = conductor_on.png; sourceTree = "<group>"; };
		CE79AE421C83F98500440475 /* slider_boton.png */ = {isa = PBXFileReference; lastKnownFileType = image.png; path = slider_boton.png; sourceTree = "<group>"; };
		CE79AE431C83F98500440475 /* slider_circle.png */ = {isa = PBXFileReference; lastKnownFileType = image.png; path = slider_circle.png; sourceTree = "<group>"; };
		CE79AE461C83F9CE00440475 /* aceptar_boton.png */ = {isa = PBXFileReference; lastKnownFileType = image.png; path = aceptar_boton.png; sourceTree = "<group>"; };
		CE79AE471C83F9CE00440475 /* cancel_boton.png */ = {isa = PBXFileReference; lastKnownFileType = image.png; path = cancel_boton.png; sourceTree = "<group>"; };
		CE79AE4A1C83FA1E00440475 /* pasajero_on.png */ = {isa = PBXFileReference; lastKnownFileType = image.png; path = pasajero_on.png; sourceTree = "<group>"; };
		CE79AE4C1C83FC5500440475 /* check_off.png */ = {isa = PBXFileReference; lastKnownFileType = image.png; path = check_off.png; sourceTree = "<group>"; };
		CE79AE4D1C83FC5500440475 /* check_on.png */ = {isa = PBXFileReference; lastKnownFileType = image.png; path = check_on.png; sourceTree = "<group>"; };
		CE79AE501C83FCF600440475 /* conductor_data_box.png */ = {isa = PBXFileReference; lastKnownFileType = image.png; path = conductor_data_box.png; sourceTree = "<group>"; };
		CE79AE521C83FE5A00440475 /* search_boton.png */ = {isa = PBXFileReference; lastKnownFileType = image.png; path = search_boton.png; sourceTree = "<group>"; };
		CE8194471CDAFA9E00B95882 /* TIELoginViewController.h */ = {isa = PBXFileReference; fileEncoding = 4; lastKnownFileType = sourcecode.c.h; path = TIELoginViewController.h; sourceTree = "<group>"; };
		CE8194481CDAFA9E00B95882 /* TIELoginViewController.m */ = {isa = PBXFileReference; fileEncoding = 4; lastKnownFileType = sourcecode.c.objc; path = TIELoginViewController.m; sourceTree = "<group>"; };
		CE8194491CDAFA9E00B95882 /* TIELoginViewController.xib */ = {isa = PBXFileReference; fileEncoding = 4; lastKnownFileType = file.xib; path = TIELoginViewController.xib; sourceTree = "<group>"; };
		CE8194501CDAFBC300B95882 /* TIERecoverPassViewController.h */ = {isa = PBXFileReference; fileEncoding = 4; lastKnownFileType = sourcecode.c.h; path = TIERecoverPassViewController.h; sourceTree = "<group>"; };
		CE8194511CDAFBC300B95882 /* TIERecoverPassViewController.m */ = {isa = PBXFileReference; fileEncoding = 4; lastKnownFileType = sourcecode.c.objc; path = TIERecoverPassViewController.m; sourceTree = "<group>"; };
		CE8194521CDAFBC300B95882 /* TIERecoverPassViewController.xib */ = {isa = PBXFileReference; fileEncoding = 4; lastKnownFileType = file.xib; path = TIERecoverPassViewController.xib; sourceTree = "<group>"; };
		CE8F3FF21BB8A190003D8CDD /* TIEMyScheduleViewController.h */ = {isa = PBXFileReference; fileEncoding = 4; lastKnownFileType = sourcecode.c.h; path = TIEMyScheduleViewController.h; sourceTree = "<group>"; };
		CE8F3FF31BB8A190003D8CDD /* TIEMyScheduleViewController.m */ = {isa = PBXFileReference; fileEncoding = 4; lastKnownFileType = sourcecode.c.objc; path = TIEMyScheduleViewController.m; sourceTree = "<group>"; };
		CE8F3FF41BB8A190003D8CDD /* TIEMyScheduleViewController.xib */ = {isa = PBXFileReference; fileEncoding = 4; lastKnownFileType = file.xib; path = TIEMyScheduleViewController.xib; sourceTree = "<group>"; };
		CE8F3FF71BB8A4FF003D8CDD /* TIETravelDetailsViewController.h */ = {isa = PBXFileReference; fileEncoding = 4; lastKnownFileType = sourcecode.c.h; path = TIETravelDetailsViewController.h; sourceTree = "<group>"; };
		CE8F3FF81BB8A4FF003D8CDD /* TIETravelDetailsViewController.m */ = {isa = PBXFileReference; fileEncoding = 4; lastKnownFileType = sourcecode.c.objc; path = TIETravelDetailsViewController.m; sourceTree = "<group>"; };
		CE8F3FF91BB8A4FF003D8CDD /* TIETravelDetailsViewController.xib */ = {isa = PBXFileReference; fileEncoding = 4; lastKnownFileType = file.xib; path = TIETravelDetailsViewController.xib; sourceTree = "<group>"; };
		CE8F40011BB8C081003D8CDD /* TIEApplicationsViewController.h */ = {isa = PBXFileReference; fileEncoding = 4; lastKnownFileType = sourcecode.c.h; path = TIEApplicationsViewController.h; sourceTree = "<group>"; };
		CE8F40021BB8C081003D8CDD /* TIEApplicationsViewController.m */ = {isa = PBXFileReference; fileEncoding = 4; lastKnownFileType = sourcecode.c.objc; path = TIEApplicationsViewController.m; sourceTree = "<group>"; };
		CE8F40031BB8C081003D8CDD /* TIEApplicationsViewController.xib */ = {isa = PBXFileReference; fileEncoding = 4; lastKnownFileType = file.xib; path = TIEApplicationsViewController.xib; sourceTree = "<group>"; };
		CE8F400C1BB8D2C1003D8CDD /* TIESearchTravelViewController.h */ = {isa = PBXFileReference; fileEncoding = 4; lastKnownFileType = sourcecode.c.h; path = TIESearchTravelViewController.h; sourceTree = "<group>"; };
		CE8F400D1BB8D2C1003D8CDD /* TIESearchTravelViewController.m */ = {isa = PBXFileReference; fileEncoding = 4; lastKnownFileType = sourcecode.c.objc; path = TIESearchTravelViewController.m; sourceTree = "<group>"; };
		CE8F400E1BB8D2C1003D8CDD /* TIESearchTravelViewController.xib */ = {isa = PBXFileReference; fileEncoding = 4; lastKnownFileType = file.xib; path = TIESearchTravelViewController.xib; sourceTree = "<group>"; };
		CEFB75951C420388003EA201 /* Cuatro X Carro-Bridging-Header.h */ = {isa = PBXFileReference; lastKnownFileType = sourcecode.c.h; path = "Cuatro X Carro-Bridging-Header.h"; sourceTree = "<group>"; };
		CEFB75961C420389003EA201 /* LGSimpleChat.swift */ = {isa = PBXFileReference; fileEncoding = 4; lastKnownFileType = sourcecode.swift; path = LGSimpleChat.swift; sourceTree = "<group>"; };
		CEFD84551BAF3A6300410730 /* TIETrayTravelsTableViewController.h */ = {isa = PBXFileReference; fileEncoding = 4; lastKnownFileType = sourcecode.c.h; path = TIETrayTravelsTableViewController.h; sourceTree = "<group>"; };
		CEFD84561BAF3A6300410730 /* TIETrayTravelsTableViewController.m */ = {isa = PBXFileReference; fileEncoding = 4; lastKnownFileType = sourcecode.c.objc; path = TIETrayTravelsTableViewController.m; sourceTree = "<group>"; };
		CEFD84571BAF3A6300410730 /* TIETrayTravelsTableViewController.xib */ = {isa = PBXFileReference; fileEncoding = 4; lastKnownFileType = file.xib; path = TIETrayTravelsTableViewController.xib; sourceTree = "<group>"; };
		CEFD845A1BAF3B7100410730 /* TIEProfileViewController.h */ = {isa = PBXFileReference; fileEncoding = 4; lastKnownFileType = sourcecode.c.h; path = TIEProfileViewController.h; sourceTree = "<group>"; };
		CEFD845B1BAF3B7100410730 /* TIEProfileViewController.m */ = {isa = PBXFileReference; fileEncoding = 4; lastKnownFileType = sourcecode.c.objc; path = TIEProfileViewController.m; sourceTree = "<group>"; };
		CEFD845C1BAF3B7100410730 /* TIEProfileViewController.xib */ = {isa = PBXFileReference; fileEncoding = 4; lastKnownFileType = file.xib; path = TIEProfileViewController.xib; sourceTree = "<group>"; };
		CEFD845F1BAF3BFE00410730 /* TIEScheduleTripViewController.h */ = {isa = PBXFileReference; fileEncoding = 4; lastKnownFileType = sourcecode.c.h; path = TIEScheduleTripViewController.h; sourceTree = "<group>"; };
		CEFD84601BAF3BFE00410730 /* TIEScheduleTripViewController.m */ = {isa = PBXFileReference; fileEncoding = 4; lastKnownFileType = sourcecode.c.objc; path = TIEScheduleTripViewController.m; sourceTree = "<group>"; };
		CEFD84611BAF3BFE00410730 /* TIEScheduleTripViewController.xib */ = {isa = PBXFileReference; fileEncoding = 4; lastKnownFileType = file.xib; path = TIEScheduleTripViewController.xib; sourceTree = "<group>"; };
		CEFD84651BAF468400410730 /* TIETravelCustomCellTableViewCell.h */ = {isa = PBXFileReference; fileEncoding = 4; lastKnownFileType = sourcecode.c.h; path = TIETravelCustomCellTableViewCell.h; sourceTree = "<group>"; };
		CEFD84661BAF468400410730 /* TIETravelCustomCellTableViewCell.m */ = {isa = PBXFileReference; fileEncoding = 4; lastKnownFileType = sourcecode.c.objc; path = TIETravelCustomCellTableViewCell.m; sourceTree = "<group>"; };
		CEFD84671BAF468400410730 /* TIETravelCustomCellTableViewCell.xib */ = {isa = PBXFileReference; fileEncoding = 4; lastKnownFileType = file.xib; path = TIETravelCustomCellTableViewCell.xib; sourceTree = "<group>"; };
		CEFD846B1BAF4DA200410730 /* default.icon.png */ = {isa = PBXFileReference; lastKnownFileType = image.png; path = default.icon.png; sourceTree = "<group>"; };
		CEFD846C1BAF4DA200410730 /* rate_empty.png */ = {isa = PBXFileReference; lastKnownFileType = image.png; path = rate_empty.png; sourceTree = "<group>"; };
		CEFD846D1BAF4DA200410730 /* rate_full.png */ = {isa = PBXFileReference; lastKnownFileType = image.png; path = rate_full.png; sourceTree = "<group>"; };
		CEFD846E1BAF4DA200410730 /* seat_empty.png */ = {isa = PBXFileReference; lastKnownFileType = image.png; path = seat_empty.png; sourceTree = "<group>"; };
		CEFD846F1BAF4DA200410730 /* seat_full.png */ = {isa = PBXFileReference; lastKnownFileType = image.png; path = seat_full.png; sourceTree = "<group>"; };
		CEFE549F1BB855F60048A556 /* logo.png */ = {isa = PBXFileReference; lastKnownFileType = image.png; path = logo.png; sourceTree = "<group>"; };
/* End PBXFileReference section */

/* Begin PBXFrameworksBuildPhase section */
		0ECD1FD81B5C510700D6CFA5 /* Frameworks */ = {
			isa = PBXFrameworksBuildPhase;
			buildActionMask = 2147483647;
			files = (
				4E0399F053B6980A4D4C73FF /* libPods.a in Frameworks */,
			);
			runOnlyForDeploymentPostprocessing = 0;
		};
		0ECD1FF11B5C510700D6CFA5 /* Frameworks */ = {
			isa = PBXFrameworksBuildPhase;
			buildActionMask = 2147483647;
			files = (
			);
			runOnlyForDeploymentPostprocessing = 0;
		};
/* End PBXFrameworksBuildPhase section */

/* Begin PBXGroup section */
		0E516C48F2B8B668B4AB847A /* Pods */ = {
			isa = PBXGroup;
			children = (
				6AB3D93DCDFE9C93631D1657 /* Pods.debug.xcconfig */,
				467A8D47BB8752E3F36297FB /* Pods.release.xcconfig */,
			);
			name = Pods;
			sourceTree = "<group>";
		};
		0ECD1FD21B5C510600D6CFA5 = {
			isa = PBXGroup;
			children = (
				0ECD1FDD1B5C510700D6CFA5 /* Cuatro X Carro */,
				0ECD1FF71B5C510700D6CFA5 /* Cuatro X CarroTests */,
				0ECD1FDC1B5C510700D6CFA5 /* Products */,
				0E516C48F2B8B668B4AB847A /* Pods */,
				5B29FEFC9C7D6D95572DE6DC /* Frameworks */,
			);
			sourceTree = "<group>";
		};
		0ECD1FDC1B5C510700D6CFA5 /* Products */ = {
			isa = PBXGroup;
			children = (
				0ECD1FDB1B5C510700D6CFA5 /* Cuatro X Carro.app */,
				0ECD1FF41B5C510700D6CFA5 /* Cuatro X CarroTests.xctest */,
			);
			name = Products;
			sourceTree = "<group>";
		};
		0ECD1FDD1B5C510700D6CFA5 /* Cuatro X Carro */ = {
			isa = PBXGroup;
			children = (
				0ECD20151B5CBFAF00D6CFA5 /* Utils */,
				0ECD20051B5C516B00D6CFA5 /* Controllers */,
				0ECD20041B5C515B00D6CFA5 /* Resources */,
				0ECD1FE21B5C510700D6CFA5 /* AppDelegate.h */,
				0ECD1FE31B5C510700D6CFA5 /* AppDelegate.m */,
				0ECD1FE51B5C510700D6CFA5 /* ViewController.h */,
				0ECD1FE61B5C510700D6CFA5 /* ViewController.m */,
				0ECD1FE81B5C510700D6CFA5 /* Main.storyboard */,
				0ECD1FEB1B5C510700D6CFA5 /* Images.xcassets */,
				0ECD1FED1B5C510700D6CFA5 /* LaunchScreen.xib */,
				0ECD1FDE1B5C510700D6CFA5 /* Supporting Files */,
			);
			path = "Cuatro X Carro";
			sourceTree = "<group>";
		};
		0ECD1FDE1B5C510700D6CFA5 /* Supporting Files */ = {
			isa = PBXGroup;
			children = (
				0ECD1FDF1B5C510700D6CFA5 /* Info.plist */,
				0ECD1FE01B5C510700D6CFA5 /* main.m */,
			);
			name = "Supporting Files";
			sourceTree = "<group>";
		};
		0ECD1FF71B5C510700D6CFA5 /* Cuatro X CarroTests */ = {
			isa = PBXGroup;
			children = (
				0ECD1FFA1B5C510700D6CFA5 /* Cuatro_X_CarroTests.m */,
				0ECD1FF81B5C510700D6CFA5 /* Supporting Files */,
			);
			path = "Cuatro X CarroTests";
			sourceTree = "<group>";
		};
		0ECD1FF81B5C510700D6CFA5 /* Supporting Files */ = {
			isa = PBXGroup;
			children = (
				0ECD1FF91B5C510700D6CFA5 /* Info.plist */,
			);
			name = "Supporting Files";
			sourceTree = "<group>";
		};
		0ECD20041B5C515B00D6CFA5 /* Resources */ = {
			isa = PBXGroup;
			children = (
				CE79AE3F1C83F94600440475 /* ScheduleTrip */,
				CE79AE1D1C83E78F00440475 /* Profile */,
				CE093F9B1C7AC45C00E839D1 /* TrayTravels */,
				CE093F721C7AABFB00E839D1 /* TabBar */,
				CE093F691C7A46B000E839D1 /* SingUp */,
				CE093F521C7A3A8E00E839D1 /* Login */,
				CE093F491C7A361100E839D1 /* Launch */,
				CE79AE3B1C83F4BD00440475 /* checked.png */,
				CE79AE3C1C83F4BD00440475 /* unchecked.png */,
				CEFE549F1BB855F60048A556 /* logo.png */,
				CEFD846B1BAF4DA200410730 /* default.icon.png */,
				CEFD846C1BAF4DA200410730 /* rate_empty.png */,
				CEFD846D1BAF4DA200410730 /* rate_full.png */,
				CEFD846E1BAF4DA200410730 /* seat_empty.png */,
				CEFD846F1BAF4DA200410730 /* seat_full.png */,
				0ECD20131B5C77AC00D6CFA5 /* back.png */,
			);
			name = Resources;
			sourceTree = "<group>";
		};
		0ECD20051B5C516B00D6CFA5 /* Controllers */ = {
			isa = PBXGroup;
			children = (
				CE8F40061BB8CEEE003D8CDD /* ScheduleTrip */,
				CE8F3FF11BB8A12B003D8CDD /* Profile */,
				CEFD846A1BAF4D7100410730 /* TrayTravels */,
				0ECD200C1B5C534100D6CFA5 /* TIESingUpViewController.h */,
				0ECD200D1B5C534100D6CFA5 /* TIESingUpViewController.m */,
				0ECD200E1B5C534100D6CFA5 /* TIESingUpViewController.xib */,
				CEFD84551BAF3A6300410730 /* TIETrayTravelsTableViewController.h */,
				CEFD84561BAF3A6300410730 /* TIETrayTravelsTableViewController.m */,
				CEFD84571BAF3A6300410730 /* TIETrayTravelsTableViewController.xib */,
				CEFD845A1BAF3B7100410730 /* TIEProfileViewController.h */,
				CEFD845B1BAF3B7100410730 /* TIEProfileViewController.m */,
				CEFD845C1BAF3B7100410730 /* TIEProfileViewController.xib */,
				CEFD845F1BAF3BFE00410730 /* TIEScheduleTripViewController.h */,
				CEFD84601BAF3BFE00410730 /* TIEScheduleTripViewController.m */,
				CEFD84611BAF3BFE00410730 /* TIEScheduleTripViewController.xib */,
				CE8194471CDAFA9E00B95882 /* TIELoginViewController.h */,
				CE8194481CDAFA9E00B95882 /* TIELoginViewController.m */,
				CE8194491CDAFA9E00B95882 /* TIELoginViewController.xib */,
				CE8194501CDAFBC300B95882 /* TIERecoverPassViewController.h */,
				CE8194511CDAFBC300B95882 /* TIERecoverPassViewController.m */,
				CE8194521CDAFBC300B95882 /* TIERecoverPassViewController.xib */,
			);
			name = Controllers;
			sourceTree = "<group>";
		};
		0ECD20151B5CBFAF00D6CFA5 /* Utils */ = {
			isa = PBXGroup;
			children = (
				CEFB75961C420389003EA201 /* LGSimpleChat.swift */,
				CE0ADC9F1C02DD3F004B22DD /* LRouteController.h */,
				CE0ADCA01C02DD3F004B22DD /* LRouteController.m */,
				CE6825DB1BE87D3100513135 /* RadioButton.h */,
				CE6825DC1BE87D3100513135 /* RadioButton.m */,
				CE04272E1BE71BAE0098BA62 /* NSString+MD5.h */,
				CE04272F1BE71BAE0098BA62 /* NSString+MD5.m */,
				0ECD20341B5CC44200D6CFA5 /* AbstractActionSheetPicker.h */,
				0ECD20351B5CC44200D6CFA5 /* AbstractActionSheetPicker.m */,
				0ECD20361B5CC44200D6CFA5 /* ActionSheetCustomPicker.h */,
				0ECD20371B5CC44200D6CFA5 /* ActionSheetCustomPicker.m */,
				0ECD20381B5CC44200D6CFA5 /* ActionSheetCustomPickerDelegate.h */,
				0ECD20391B5CC44200D6CFA5 /* ActionSheetDatePicker.h */,
				0ECD203A1B5CC44200D6CFA5 /* ActionSheetDatePicker.m */,
				0ECD203B1B5CC44200D6CFA5 /* ActionSheetDistancePicker.h */,
				0ECD203C1B5CC44200D6CFA5 /* ActionSheetDistancePicker.m */,
				0ECD203D1B5CC44200D6CFA5 /* ActionSheetLocalePicker.h */,
				0ECD203E1B5CC44200D6CFA5 /* ActionSheetLocalePicker.m */,
				0ECD203F1B5CC44200D6CFA5 /* ActionSheetPicker.h */,
				0ECD20401B5CC44200D6CFA5 /* ActionSheetStringPicker.h */,
				0ECD20411B5CC44200D6CFA5 /* ActionSheetStringPicker.m */,
				0ECD20421B5CC44200D6CFA5 /* DistancePickerView.h */,
				0ECD20431B5CC44200D6CFA5 /* DistancePickerView.m */,
				0ECD20441B5CC44200D6CFA5 /* SWActionSheet.h */,
				0ECD20451B5CC44200D6CFA5 /* SWActionSheet.m */,
				CE4AAB9C1BEED90F00C321DF /* Util.h */,
				CE4AAB9D1BEED90F00C321DF /* Util.m */,
				CE4AABA21BEEDCA300C321DF /* DefaultRequest.h */,
				CE4AABA31BEEDCA300C321DF /* DefaultRequest.m */,
				CEFB75951C420388003EA201 /* Cuatro X Carro-Bridging-Header.h */,
			);
			name = Utils;
			sourceTree = "<group>";
		};
		5B29FEFC9C7D6D95572DE6DC /* Frameworks */ = {
			isa = PBXGroup;
			children = (
				5EBDCA82F83C00E90A923900 /* libPods.a */,
			);
			name = Frameworks;
			sourceTree = "<group>";
		};
		CE093F491C7A361100E839D1 /* Launch */ = {
			isa = PBXGroup;
			children = (
				CE11ACAC1CA796AC005FC4CB /* logo_menu@2x~iphone.png */,
				CE093F5F1C7A3E9900E839D1 /* fondo.png */,
			);
			name = Launch;
			sourceTree = "<group>";
		};
		CE093F521C7A3A8E00E839D1 /* Login */ = {
			isa = PBXGroup;
			children = (
				CE093F671C7A453A00E839D1 /* login_input.png */,
				CE093F651C7A44EB00E839D1 /* key_icon.png */,
				CE093F5D1C7A3E8F00E839D1 /* email_icon.png */,
				CE093F5B1C7A3E2800E839D1 /* pasajero_box.png */,
				CE093F591C7A3DED00E839D1 /* login_boton.png */,
			);
			name = Login;
			sourceTree = "<group>";
		};
		CE093F691C7A46B000E839D1 /* SingUp */ = {
			isa = PBXGroup;
			children = (
				CE093F701C7AAB7100E839D1 /* register_boton.png */,
				CE093F6A1C7AA3C700E839D1 /* registro.png */,
				CE093F6E1C7AA81200E839D1 /* combo_box.png */,
			);
			name = SingUp;
			sourceTree = "<group>";
		};
		CE093F721C7AABFB00E839D1 /* TabBar */ = {
			isa = PBXGroup;
			children = (
				CE093F971C7ABC6400E839D1 /* program_off@2x~iphone.png */,
				CE093F981C7ABC6400E839D1 /* program_on@2x~iphone.png */,
				CE093F8F1C7ABC2500E839D1 /* perfil_off@2x~iphone.png */,
				CE093F901C7ABC2500E839D1 /* perfil_on@2x~iphone.png */,
				CE093F911C7ABC2500E839D1 /* viajes_off@2x~iphone.png */,
				CE093F921C7ABC2500E839D1 /* viajes_on@2x~iphone.png */,
			);
			name = TabBar;
			sourceTree = "<group>";
		};
		CE093F9B1C7AC45C00E839D1 /* TrayTravels */ = {
			isa = PBXGroup;
			children = (
				CE74FD021CD68D74006B4B22 /* DetailView */,
				CE093F9C1C7AC46600E839D1 /* CustomCell */,
			);
			name = TrayTravels;
			sourceTree = "<group>";
		};
		CE093F9C1C7AC46600E839D1 /* CustomCell */ = {
			isa = PBXGroup;
			children = (
				CE79AE151C83A80D00440475 /* chat_off.png */,
				CE79AE191C83BACA00440475 /* star_off.png */,
				CE79AE1A1C83BACA00440475 /* star_on.png */,
				CE79AE161C83A80D00440475 /* chat_on.png */,
				CE79AE131C83A33000440475 /* image_perfil_1.png */,
				CE093F9D1C7AC4AD00E839D1 /* viajes_box.png */,
			);
			name = CustomCell;
			sourceTree = "<group>";
		};
		CE5DAAF51CD5972C001D7985 /* SwipeView */ = {
			isa = PBXGroup;
			children = (
				CE5DAAF61CD5975B001D7985 /* TIEMessageViewController.h */,
				CE5DAAF71CD5975B001D7985 /* TIEMessageViewController.m */,
				CE5DAAF81CD5975B001D7985 /* TIEMessageViewController.xib */,
				CE5DAAFE1CD597AF001D7985 /* TIEPassengerViewController.h */,
				CE5DAAFF1CD597AF001D7985 /* TIEPassengerViewController.m */,
				CE5DAB001CD597AF001D7985 /* TIEPassengerViewController.xib */,
			);
			name = SwipeView;
			sourceTree = "<group>";
		};
		CE74FD021CD68D74006B4B22 /* DetailView */ = {
			isa = PBXGroup;
			children = (
				CE74FD071CD698C6006B4B22 /* chat_box_other.png */,
				CE74FD081CD698C6006B4B22 /* chat_box_user.png */,
			);
			name = DetailView;
			sourceTree = "<group>";
		};
		CE79AE1D1C83E78F00440475 /* Profile */ = {
			isa = PBXGroup;
			children = (
				CE79AE341C83F33A00440475 /* MySchedule */,
				CE79AE321C83F1EF00440475 /* help_boton.png */,
				CE79AE2E1C83EEBE00440475 /* dia_icon.png */,
				CE79AE2F1C83EEBE00440475 /* ida_png.png */,
				CE79AE2C1C83EEA900440475 /* regreso_png.png */,
				CE79AE281C83EA0900440475 /* fondo_tab_2.png */,
				CE79AE291C83EA0900440475 /* fondo_tab_3.png */,
				CE79AE261C83E9FE00440475 /* fondo_tab_1.png */,
				CE79AE241C83E8F400440475 /* statistics_boton.png */,
				CE79AE221C83E8EB00440475 /* edit_boton.png */,
				CE79AE201C83E81000440475 /* image_perfil_2.png */,
				CE79AE1E1C83E7A900440475 /* perfil_box.png */,
			);
			name = Profile;
			sourceTree = "<group>";
		};
		CE79AE341C83F33A00440475 /* MySchedule */ = {
			isa = PBXGroup;
			children = (
				CE79AE391C83F36C00440475 /* save_boton.png */,
				CE79AE351C83F34F00440475 /* ambos_icon.png */,
				CE79AE371C83F35800440475 /* add_boton.png */,
			);
			name = MySchedule;
			sourceTree = "<group>";
		};
		CE79AE3F1C83F94600440475 /* ScheduleTrip */ = {
			isa = PBXGroup;
			children = (
				CE79AE521C83FE5A00440475 /* search_boton.png */,
				CE79AE501C83FCF600440475 /* conductor_data_box.png */,
				CE79AE4C1C83FC5500440475 /* check_off.png */,
				CE79AE4D1C83FC5500440475 /* check_on.png */,
				CE79AE4A1C83FA1E00440475 /* pasajero_on.png */,
				CE79AE461C83F9CE00440475 /* aceptar_boton.png */,
				CE79AE471C83F9CE00440475 /* cancel_boton.png */,
				CE79AE421C83F98500440475 /* slider_boton.png */,
				CE79AE431C83F98500440475 /* slider_circle.png */,
				CE79AE401C83F95D00440475 /* conductor_on.png */,
			);
			name = ScheduleTrip;
			sourceTree = "<group>";
		};
		CE8F3FF11BB8A12B003D8CDD /* Profile */ = {
			isa = PBXGroup;
			children = (
				CE6D6E4A1CC2911C000CCA0D /* TIEStatisticsViewController.h */,
				CE6D6E4B1CC2911C000CCA0D /* TIEStatisticsViewController.m */,
				CE6D6E4C1CC2911C000CCA0D /* TIEStatisticsViewController.xib */,
				CE8F3FF21BB8A190003D8CDD /* TIEMyScheduleViewController.h */,
				CE8F3FF31BB8A190003D8CDD /* TIEMyScheduleViewController.m */,
				CE8F3FF41BB8A190003D8CDD /* TIEMyScheduleViewController.xib */,
			);
			name = Profile;
			sourceTree = "<group>";
		};
		CE8F40061BB8CEEE003D8CDD /* ScheduleTrip */ = {
			isa = PBXGroup;
			children = (
				CE8F400C1BB8D2C1003D8CDD /* TIESearchTravelViewController.h */,
				CE8F400D1BB8D2C1003D8CDD /* TIESearchTravelViewController.m */,
				CE8F400E1BB8D2C1003D8CDD /* TIESearchTravelViewController.xib */,
			);
			name = ScheduleTrip;
			sourceTree = "<group>";
		};
		CEFD846A1BAF4D7100410730 /* TrayTravels */ = {
			isa = PBXGroup;
			children = (
				CE5DAAF51CD5972C001D7985 /* SwipeView */,
				CEFD84671BAF468400410730 /* TIETravelCustomCellTableViewCell.xib */,
				CEFD84661BAF468400410730 /* TIETravelCustomCellTableViewCell.m */,
				CEFD84651BAF468400410730 /* TIETravelCustomCellTableViewCell.h */,
				CE8F3FF71BB8A4FF003D8CDD /* TIETravelDetailsViewController.h */,
				CE8F3FF81BB8A4FF003D8CDD /* TIETravelDetailsViewController.m */,
				CE8F3FF91BB8A4FF003D8CDD /* TIETravelDetailsViewController.xib */,
				CE8F40011BB8C081003D8CDD /* TIEApplicationsViewController.h */,
				CE8F40021BB8C081003D8CDD /* TIEApplicationsViewController.m */,
				CE8F40031BB8C081003D8CDD /* TIEApplicationsViewController.xib */,
			);
			name = TrayTravels;
			sourceTree = "<group>";
		};
/* End PBXGroup section */

/* Begin PBXNativeTarget section */
		0ECD1FDA1B5C510700D6CFA5 /* Cuatro X Carro */ = {
			isa = PBXNativeTarget;
			buildConfigurationList = 0ECD1FFE1B5C510700D6CFA5 /* Build configuration list for PBXNativeTarget "Cuatro X Carro" */;
			buildPhases = (
				08D5158A52CFE41AF7D0972B /* Check Pods Manifest.lock */,
				0ECD1FD71B5C510700D6CFA5 /* Sources */,
				0ECD1FD81B5C510700D6CFA5 /* Frameworks */,
				0ECD1FD91B5C510700D6CFA5 /* Resources */,
				42F133F6684CDF87F1D1C3A6 /* Copy Pods Resources */,
			);
			buildRules = (
			);
			dependencies = (
			);
			name = "Cuatro X Carro";
			productName = "Cuatro X Carro";
			productReference = 0ECD1FDB1B5C510700D6CFA5 /* Cuatro X Carro.app */;
			productType = "com.apple.product-type.application";
		};
		0ECD1FF31B5C510700D6CFA5 /* Cuatro X CarroTests */ = {
			isa = PBXNativeTarget;
			buildConfigurationList = 0ECD20011B5C510700D6CFA5 /* Build configuration list for PBXNativeTarget "Cuatro X CarroTests" */;
			buildPhases = (
				0ECD1FF01B5C510700D6CFA5 /* Sources */,
				0ECD1FF11B5C510700D6CFA5 /* Frameworks */,
				0ECD1FF21B5C510700D6CFA5 /* Resources */,
			);
			buildRules = (
			);
			dependencies = (
				0ECD1FF61B5C510700D6CFA5 /* PBXTargetDependency */,
			);
			name = "Cuatro X CarroTests";
			productName = "Cuatro X CarroTests";
			productReference = 0ECD1FF41B5C510700D6CFA5 /* Cuatro X CarroTests.xctest */;
			productType = "com.apple.product-type.bundle.unit-test";
		};
/* End PBXNativeTarget section */

/* Begin PBXProject section */
		0ECD1FD31B5C510600D6CFA5 /* Project object */ = {
			isa = PBXProject;
			attributes = {
				LastSwiftUpdateCheck = 0710;
				LastUpgradeCheck = 0630;
				ORGANIZATIONNAME = "IT Economics SAS";
				TargetAttributes = {
					0ECD1FDA1B5C510700D6CFA5 = {
						CreatedOnToolsVersion = 6.3.1;
						DevelopmentTeam = 34B5467H2T;
					};
					0ECD1FF31B5C510700D6CFA5 = {
						CreatedOnToolsVersion = 6.3.1;
						TestTargetID = 0ECD1FDA1B5C510700D6CFA5;
					};
				};
			};
			buildConfigurationList = 0ECD1FD61B5C510600D6CFA5 /* Build configuration list for PBXProject "Cuatro X Carro" */;
			compatibilityVersion = "Xcode 3.2";
			developmentRegion = English;
			hasScannedForEncodings = 0;
			knownRegions = (
				en,
				Base,
			);
			mainGroup = 0ECD1FD21B5C510600D6CFA5;
			productRefGroup = 0ECD1FDC1B5C510700D6CFA5 /* Products */;
			projectDirPath = "";
			projectRoot = "";
			targets = (
				0ECD1FDA1B5C510700D6CFA5 /* Cuatro X Carro */,
				0ECD1FF31B5C510700D6CFA5 /* Cuatro X CarroTests */,
			);
		};
/* End PBXProject section */

/* Begin PBXResourcesBuildPhase section */
		0ECD1FD91B5C510700D6CFA5 /* Resources */ = {
			isa = PBXResourcesBuildPhase;
			buildActionMask = 2147483647;
			files = (
				CE8F3FF61BB8A190003D8CDD /* TIEMyScheduleViewController.xib in Resources */,
				CE093F6F1C7AA81200E839D1 /* combo_box.png in Resources */,
				CE093F681C7A453A00E839D1 /* login_input.png in Resources */,
				CE79AE2D1C83EEA900440475 /* regreso_png.png in Resources */,
				CEFD84591BAF3A6300410730 /* TIETrayTravelsTableViewController.xib in Resources */,
				CE093F601C7A3E9900E839D1 /* fondo.png in Resources */,
				0ECD1FEA1B5C510700D6CFA5 /* Main.storyboard in Resources */,
				CE79AE1B1C83BACA00440475 /* star_off.png in Resources */,
				CE79AE211C83E81000440475 /* image_perfil_2.png in Resources */,
				CE093F661C7A44EB00E839D1 /* key_icon.png in Resources */,
				CEFD84731BAF4DA200410730 /* seat_empty.png in Resources */,
				CE79AE441C83F98500440475 /* slider_boton.png in Resources */,
				CE8F3FFB1BB8A4FF003D8CDD /* TIETravelDetailsViewController.xib in Resources */,
				CE79AE181C83A80D00440475 /* chat_on.png in Resources */,
				0ECD20141B5C77AC00D6CFA5 /* back.png in Resources */,
				CE74FD091CD698C6006B4B22 /* chat_box_other.png in Resources */,
				CE79AE361C83F34F00440475 /* ambos_icon.png in Resources */,
				CE79AE271C83E9FE00440475 /* fondo_tab_1.png in Resources */,
				CE79AE3A1C83F36C00440475 /* save_boton.png in Resources */,
				CE093F941C7ABC2500E839D1 /* perfil_on@2x~iphone.png in Resources */,
				CE79AE251C83E8F400440475 /* statistics_boton.png in Resources */,
				CEFD84631BAF3BFE00410730 /* TIEScheduleTripViewController.xib in Resources */,
				CE79AE331C83F1EF00440475 /* help_boton.png in Resources */,
				CE79AE141C83A33000440475 /* image_perfil_1.png in Resources */,
				CE79AE1C1C83BACA00440475 /* star_on.png in Resources */,
				CE79AE491C83F9CE00440475 /* cancel_boton.png in Resources */,
				CE11ACAD1CA796AC005FC4CB /* logo_menu@2x~iphone.png in Resources */,
				CE093F5C1C7A3E2800E839D1 /* pasajero_box.png in Resources */,
				CE8F40101BB8D2C1003D8CDD /* TIESearchTravelViewController.xib in Resources */,
				CE79AE4E1C83FC5500440475 /* check_off.png in Resources */,
				CE093F9E1C7AC4AD00E839D1 /* viajes_box.png in Resources */,
				CE5DAB021CD597AF001D7985 /* TIEPassengerViewController.xib in Resources */,
				CEFD84741BAF4DA200410730 /* seat_full.png in Resources */,
				0ECD20101B5C534100D6CFA5 /* TIESingUpViewController.xib in Resources */,
				CE79AE311C83EEBE00440475 /* ida_png.png in Resources */,
				CE8F40051BB8C081003D8CDD /* TIEApplicationsViewController.xib in Resources */,
				CE093F931C7ABC2500E839D1 /* perfil_off@2x~iphone.png in Resources */,
				0ECD1FEF1B5C510700D6CFA5 /* LaunchScreen.xib in Resources */,
				CE81944B1CDAFA9E00B95882 /* TIELoginViewController.xib in Resources */,
				CE79AE3E1C83F4BD00440475 /* unchecked.png in Resources */,
				CE79AE171C83A80D00440475 /* chat_off.png in Resources */,
				CE74FD0A1CD698C6006B4B22 /* chat_box_user.png in Resources */,
				CE79AE481C83F9CE00440475 /* aceptar_boton.png in Resources */,
				CEFD84691BAF468400410730 /* TIETravelCustomCellTableViewCell.xib in Resources */,
				CE79AE1F1C83E7A900440475 /* perfil_box.png in Resources */,
				CE79AE4F1C83FC5500440475 /* check_on.png in Resources */,
				CE79AE3D1C83F4BD00440475 /* checked.png in Resources */,
				CE79AE4B1C83FA1E00440475 /* pasajero_on.png in Resources */,
				CE79AE2B1C83EA0900440475 /* fondo_tab_3.png in Resources */,
				CE79AE231C83E8EB00440475 /* edit_boton.png in Resources */,
				CEFD84721BAF4DA200410730 /* rate_full.png in Resources */,
				CE6D6E4E1CC2911C000CCA0D /* TIEStatisticsViewController.xib in Resources */,
				CE79AE511C83FCF600440475 /* conductor_data_box.png in Resources */,
				0ECD1FEC1B5C510700D6CFA5 /* Images.xcassets in Resources */,
				CEFE54A01BB855F60048A556 /* logo.png in Resources */,
				CE79AE531C83FE5A00440475 /* search_boton.png in Resources */,
				CE8194541CDAFBC300B95882 /* TIERecoverPassViewController.xib in Resources */,
				CE79AE451C83F98500440475 /* slider_circle.png in Resources */,
				CE093F9A1C7ABC6400E839D1 /* program_on@2x~iphone.png in Resources */,
				CEFD84701BAF4DA200410730 /* default.icon.png in Resources */,
				CE79AE381C83F35800440475 /* add_boton.png in Resources */,
				CE093F5A1C7A3DED00E839D1 /* login_boton.png in Resources */,
				CE79AE411C83F95D00440475 /* conductor_on.png in Resources */,
				CE093F991C7ABC6400E839D1 /* program_off@2x~iphone.png in Resources */,
				CE093F5E1C7A3E8F00E839D1 /* email_icon.png in Resources */,
				CE79AE301C83EEBE00440475 /* dia_icon.png in Resources */,
				CE79AE2A1C83EA0900440475 /* fondo_tab_2.png in Resources */,
				CEFD845E1BAF3B7100410730 /* TIEProfileViewController.xib in Resources */,
				CE093F961C7ABC2500E839D1 /* viajes_on@2x~iphone.png in Resources */,
				CE093F6B1C7AA3C700E839D1 /* registro.png in Resources */,
				CE093F951C7ABC2500E839D1 /* viajes_off@2x~iphone.png in Resources */,
				CE5DAAFA1CD5975B001D7985 /* TIEMessageViewController.xib in Resources */,
				CEFD84711BAF4DA200410730 /* rate_empty.png in Resources */,
				CE093F711C7AAB7100E839D1 /* register_boton.png in Resources */,
			);
			runOnlyForDeploymentPostprocessing = 0;
		};
		0ECD1FF21B5C510700D6CFA5 /* Resources */ = {
			isa = PBXResourcesBuildPhase;
			buildActionMask = 2147483647;
			files = (
			);
			runOnlyForDeploymentPostprocessing = 0;
		};
/* End PBXResourcesBuildPhase section */

/* Begin PBXShellScriptBuildPhase section */
		08D5158A52CFE41AF7D0972B /* Check Pods Manifest.lock */ = {
			isa = PBXShellScriptBuildPhase;
			buildActionMask = 2147483647;
			files = (
			);
			inputPaths = (
			);
			name = "Check Pods Manifest.lock";
			outputPaths = (
			);
			runOnlyForDeploymentPostprocessing = 0;
			shellPath = /bin/sh;
			shellScript = "diff \"${PODS_ROOT}/../Podfile.lock\" \"${PODS_ROOT}/Manifest.lock\" > /dev/null\nif [[ $? != 0 ]] ; then\n    cat << EOM\nerror: The sandbox is not in sync with the Podfile.lock. Run 'pod install' or update your CocoaPods installation.\nEOM\n    exit 1\nfi\n";
			showEnvVarsInLog = 0;
		};
		42F133F6684CDF87F1D1C3A6 /* Copy Pods Resources */ = {
			isa = PBXShellScriptBuildPhase;
			buildActionMask = 2147483647;
			files = (
			);
			inputPaths = (
			);
			name = "Copy Pods Resources";
			outputPaths = (
			);
			runOnlyForDeploymentPostprocessing = 0;
			shellPath = /bin/sh;
			shellScript = "\"${SRCROOT}/Pods/Target Support Files/Pods/Pods-resources.sh\"\n";
			showEnvVarsInLog = 0;
		};
/* End PBXShellScriptBuildPhase section */

/* Begin PBXSourcesBuildPhase section */
		0ECD1FD71B5C510700D6CFA5 /* Sources */ = {
			isa = PBXSourcesBuildPhase;
			buildActionMask = 2147483647;
			files = (
				CEFD845D1BAF3B7100410730 /* TIEProfileViewController.m in Sources */,
				CE4AABA41BEEDCA300C321DF /* DefaultRequest.m in Sources */,
				CEFD84581BAF3A6300410730 /* TIETrayTravelsTableViewController.m in Sources */,
				0ECD20491B5CC44200D6CFA5 /* ActionSheetDistancePicker.m in Sources */,
				CE6D6E4D1CC2911C000CCA0D /* TIEStatisticsViewController.m in Sources */,
				0ECD204B1B5CC44200D6CFA5 /* ActionSheetStringPicker.m in Sources */,
				CE0427301BE71BAE0098BA62 /* NSString+MD5.m in Sources */,
				0ECD204A1B5CC44200D6CFA5 /* ActionSheetLocalePicker.m in Sources */,
				CE8F400F1BB8D2C1003D8CDD /* TIESearchTravelViewController.m in Sources */,
				CE8F3FFA1BB8A4FF003D8CDD /* TIETravelDetailsViewController.m in Sources */,
				CE6825DD1BE87D3100513135 /* RadioButton.m in Sources */,
				CEFB75971C420389003EA201 /* LGSimpleChat.swift in Sources */,
				CE8F40041BB8C081003D8CDD /* TIEApplicationsViewController.m in Sources */,
				CE5DAB011CD597AF001D7985 /* TIEPassengerViewController.m in Sources */,
				0ECD204C1B5CC44200D6CFA5 /* DistancePickerView.m in Sources */,
				0ECD1FE71B5C510700D6CFA5 /* ViewController.m in Sources */,
				CEFD84621BAF3BFE00410730 /* TIEScheduleTripViewController.m in Sources */,
				CE0ADCA11C02DD3F004B22DD /* LRouteController.m in Sources */,
				CE5DAAF91CD5975B001D7985 /* TIEMessageViewController.m in Sources */,
				CE8194531CDAFBC300B95882 /* TIERecoverPassViewController.m in Sources */,
				0ECD200F1B5C534100D6CFA5 /* TIESingUpViewController.m in Sources */,
				CE8F3FF51BB8A190003D8CDD /* TIEMyScheduleViewController.m in Sources */,
				CEFD84681BAF468400410730 /* TIETravelCustomCellTableViewCell.m in Sources */,
				0ECD20461B5CC44200D6CFA5 /* AbstractActionSheetPicker.m in Sources */,
				0ECD1FE41B5C510700D6CFA5 /* AppDelegate.m in Sources */,
				0ECD20481B5CC44200D6CFA5 /* ActionSheetDatePicker.m in Sources */,
				0ECD204D1B5CC44200D6CFA5 /* SWActionSheet.m in Sources */,
				0ECD1FE11B5C510700D6CFA5 /* main.m in Sources */,
				0ECD20471B5CC44200D6CFA5 /* ActionSheetCustomPicker.m in Sources */,
				CE4AAB9E1BEED90F00C321DF /* Util.m in Sources */,
				CE81944A1CDAFA9E00B95882 /* TIELoginViewController.m in Sources */,
			);
			runOnlyForDeploymentPostprocessing = 0;
		};
		0ECD1FF01B5C510700D6CFA5 /* Sources */ = {
			isa = PBXSourcesBuildPhase;
			buildActionMask = 2147483647;
			files = (
				0ECD1FFB1B5C510700D6CFA5 /* Cuatro_X_CarroTests.m in Sources */,
			);
			runOnlyForDeploymentPostprocessing = 0;
		};
/* End PBXSourcesBuildPhase section */

/* Begin PBXTargetDependency section */
		0ECD1FF61B5C510700D6CFA5 /* PBXTargetDependency */ = {
			isa = PBXTargetDependency;
			target = 0ECD1FDA1B5C510700D6CFA5 /* Cuatro X Carro */;
			targetProxy = 0ECD1FF51B5C510700D6CFA5 /* PBXContainerItemProxy */;
		};
/* End PBXTargetDependency section */

/* Begin PBXVariantGroup section */
		0ECD1FE81B5C510700D6CFA5 /* Main.storyboard */ = {
			isa = PBXVariantGroup;
			children = (
				0ECD1FE91B5C510700D6CFA5 /* Base */,
			);
			name = Main.storyboard;
			sourceTree = "<group>";
		};
		0ECD1FED1B5C510700D6CFA5 /* LaunchScreen.xib */ = {
			isa = PBXVariantGroup;
			children = (
				0ECD1FEE1B5C510700D6CFA5 /* Base */,
			);
			name = LaunchScreen.xib;
			sourceTree = "<group>";
		};
/* End PBXVariantGroup section */

/* Begin XCBuildConfiguration section */
		0ECD1FFC1B5C510700D6CFA5 /* Debug */ = {
			isa = XCBuildConfiguration;
			buildSettings = {
				ALWAYS_SEARCH_USER_PATHS = NO;
				CLANG_CXX_LANGUAGE_STANDARD = "gnu++0x";
				CLANG_CXX_LIBRARY = "libc++";
				CLANG_ENABLE_MODULES = YES;
				CLANG_ENABLE_OBJC_ARC = YES;
				CLANG_WARN_BOOL_CONVERSION = YES;
				CLANG_WARN_CONSTANT_CONVERSION = YES;
				CLANG_WARN_DIRECT_OBJC_ISA_USAGE = YES_ERROR;
				CLANG_WARN_EMPTY_BODY = YES;
				CLANG_WARN_ENUM_CONVERSION = YES;
				CLANG_WARN_INT_CONVERSION = YES;
				CLANG_WARN_OBJC_ROOT_CLASS = YES_ERROR;
				CLANG_WARN_UNREACHABLE_CODE = YES;
				CLANG_WARN__DUPLICATE_METHOD_MATCH = YES;
				"CODE_SIGN_IDENTITY[sdk=iphoneos*]" = "iPhone Developer";
				COPY_PHASE_STRIP = NO;
				DEBUG_INFORMATION_FORMAT = "dwarf-with-dsym";
				ENABLE_STRICT_OBJC_MSGSEND = YES;
				GCC_C_LANGUAGE_STANDARD = gnu99;
				GCC_DYNAMIC_NO_PIC = NO;
				GCC_NO_COMMON_BLOCKS = YES;
				GCC_OPTIMIZATION_LEVEL = 0;
				GCC_PREPROCESSOR_DEFINITIONS = (
					"DEBUG=1",
					"$(inherited)",
				);
				GCC_SYMBOLS_PRIVATE_EXTERN = NO;
				GCC_WARN_64_TO_32_BIT_CONVERSION = YES;
				GCC_WARN_ABOUT_RETURN_TYPE = YES_ERROR;
				GCC_WARN_UNDECLARED_SELECTOR = YES;
				GCC_WARN_UNINITIALIZED_AUTOS = YES_AGGRESSIVE;
				GCC_WARN_UNUSED_FUNCTION = YES;
				GCC_WARN_UNUSED_VARIABLE = YES;
				IPHONEOS_DEPLOYMENT_TARGET = 8.3;
				MTL_ENABLE_DEBUG_INFO = YES;
				ONLY_ACTIVE_ARCH = YES;
				SDKROOT = iphoneos;
			};
			name = Debug;
		};
		0ECD1FFD1B5C510700D6CFA5 /* Release */ = {
			isa = XCBuildConfiguration;
			buildSettings = {
				ALWAYS_SEARCH_USER_PATHS = NO;
				CLANG_CXX_LANGUAGE_STANDARD = "gnu++0x";
				CLANG_CXX_LIBRARY = "libc++";
				CLANG_ENABLE_MODULES = YES;
				CLANG_ENABLE_OBJC_ARC = YES;
				CLANG_WARN_BOOL_CONVERSION = YES;
				CLANG_WARN_CONSTANT_CONVERSION = YES;
				CLANG_WARN_DIRECT_OBJC_ISA_USAGE = YES_ERROR;
				CLANG_WARN_EMPTY_BODY = YES;
				CLANG_WARN_ENUM_CONVERSION = YES;
				CLANG_WARN_INT_CONVERSION = YES;
				CLANG_WARN_OBJC_ROOT_CLASS = YES_ERROR;
				CLANG_WARN_UNREACHABLE_CODE = YES;
				CLANG_WARN__DUPLICATE_METHOD_MATCH = YES;
				"CODE_SIGN_IDENTITY[sdk=iphoneos*]" = "iPhone Developer";
				COPY_PHASE_STRIP = NO;
				DEBUG_INFORMATION_FORMAT = "dwarf-with-dsym";
				ENABLE_NS_ASSERTIONS = NO;
				ENABLE_STRICT_OBJC_MSGSEND = YES;
				GCC_C_LANGUAGE_STANDARD = gnu99;
				GCC_NO_COMMON_BLOCKS = YES;
				GCC_WARN_64_TO_32_BIT_CONVERSION = YES;
				GCC_WARN_ABOUT_RETURN_TYPE = YES_ERROR;
				GCC_WARN_UNDECLARED_SELECTOR = YES;
				GCC_WARN_UNINITIALIZED_AUTOS = YES_AGGRESSIVE;
				GCC_WARN_UNUSED_FUNCTION = YES;
				GCC_WARN_UNUSED_VARIABLE = YES;
				IPHONEOS_DEPLOYMENT_TARGET = 8.3;
				MTL_ENABLE_DEBUG_INFO = NO;
				SDKROOT = iphoneos;
				VALIDATE_PRODUCT = YES;
			};
			name = Release;
		};
		0ECD1FFF1B5C510700D6CFA5 /* Debug */ = {
			isa = XCBuildConfiguration;
			baseConfigurationReference = 6AB3D93DCDFE9C93631D1657 /* Pods.debug.xcconfig */;
			buildSettings = {
				ASSETCATALOG_COMPILER_APPICON_NAME = AppIcon;
				CLANG_ENABLE_MODULES = YES;
				CODE_SIGN_IDENTITY = "iPhone Developer: Juan Ramirez (FPZJ2ASDGQ)";
				"CODE_SIGN_IDENTITY[sdk=iphoneos*]" = "iPhone Developer: Juan Ramirez (FPZJ2ASDGQ)";
				DEFINES_MODULE = YES;
				EMBEDDED_CONTENT_CONTAINS_SWIFT = YES;
				ENABLE_BITCODE = NO;
				FRAMEWORK_SEARCH_PATHS = (
					"$(inherited)",
					"$(PROJECT_DIR)/Cuatro",
					X,
					Carro/External/GoogleMaps,
					"$(PROJECT_DIR)/Cuatro",
					X,
					Carro/GoogleMaps,
				);
				INFOPLIST_FILE = "Cuatro X Carro/Info.plist";
				IPHONEOS_DEPLOYMENT_TARGET = 7.0;
				LD_RUNPATH_SEARCH_PATHS = "$(inherited) @executable_path/Frameworks";
				PRODUCT_BUNDLE_IDENTIFIER = ITE.cuatroxcarro;
				PRODUCT_NAME = "$(TARGET_NAME)";
				PROVISIONING_PROFILE = "adaa3434-a912-4397-aa64-849ce47ece94";
				SWIFT_OBJC_BRIDGING_HEADER = "Cuatro X Carro/Cuatro X Carro-Bridging-Header.h";
				SWIFT_OPTIMIZATION_LEVEL = "-Onone";
			};
			name = Debug;
		};
		0ECD20001B5C510700D6CFA5 /* Release */ = {
			isa = XCBuildConfiguration;
			baseConfigurationReference = 467A8D47BB8752E3F36297FB /* Pods.release.xcconfig */;
			buildSettings = {
				ASSETCATALOG_COMPILER_APPICON_NAME = AppIcon;
				CLANG_ENABLE_MODULES = YES;
				CODE_SIGN_IDENTITY = "iPhone Developer: Juan Ramirez (FPZJ2ASDGQ)";
				"CODE_SIGN_IDENTITY[sdk=iphoneos*]" = "iPhone Developer: Juan Ramirez (FPZJ2ASDGQ)";
				DEFINES_MODULE = YES;
				EMBEDDED_CONTENT_CONTAINS_SWIFT = YES;
				ENABLE_BITCODE = NO;
				FRAMEWORK_SEARCH_PATHS = (
					"$(inherited)",
					"$(PROJECT_DIR)/Cuatro",
					X,
					Carro/External/GoogleMaps,
					"$(PROJECT_DIR)/Cuatro",
					X,
					Carro/GoogleMaps,
				);
				INFOPLIST_FILE = "Cuatro X Carro/Info.plist";
				IPHONEOS_DEPLOYMENT_TARGET = 7.0;
				LD_RUNPATH_SEARCH_PATHS = "$(inherited) @executable_path/Frameworks";
				PRODUCT_BUNDLE_IDENTIFIER = ITE.cuatroxcarro;
				PRODUCT_NAME = "$(TARGET_NAME)";
				PROVISIONING_PROFILE = "adaa3434-a912-4397-aa64-849ce47ece94";
				SWIFT_OBJC_BRIDGING_HEADER = "Cuatro X Carro/Cuatro X Carro-Bridging-Header.h";
			};
			name = Release;
		};
		0ECD20021B5C510700D6CFA5 /* Debug */ = {
			isa = XCBuildConfiguration;
			buildSettings = {
				BUNDLE_LOADER = "$(TEST_HOST)";
				FRAMEWORK_SEARCH_PATHS = (
					"$(SDKROOT)/Developer/Library/Frameworks",
					"$(inherited)",
				);
				GCC_PREPROCESSOR_DEFINITIONS = (
					"DEBUG=1",
					"$(inherited)",
				);
				INFOPLIST_FILE = "Cuatro X CarroTests/Info.plist";
				LD_RUNPATH_SEARCH_PATHS = "$(inherited) @executable_path/Frameworks @loader_path/Frameworks";
				PRODUCT_NAME = "$(TARGET_NAME)";
				TEST_HOST = "$(BUILT_PRODUCTS_DIR)/Cuatro X Carro.app/Cuatro X Carro";
			};
			name = Debug;
		};
		0ECD20031B5C510700D6CFA5 /* Release */ = {
			isa = XCBuildConfiguration;
			buildSettings = {
				BUNDLE_LOADER = "$(TEST_HOST)";
				FRAMEWORK_SEARCH_PATHS = (
					"$(SDKROOT)/Developer/Library/Frameworks",
					"$(inherited)",
				);
				INFOPLIST_FILE = "Cuatro X CarroTests/Info.plist";
				LD_RUNPATH_SEARCH_PATHS = "$(inherited) @executable_path/Frameworks @loader_path/Frameworks";
				PRODUCT_NAME = "$(TARGET_NAME)";
				TEST_HOST = "$(BUILT_PRODUCTS_DIR)/Cuatro X Carro.app/Cuatro X Carro";
			};
			name = Release;
		};
/* End XCBuildConfiguration section */

/* Begin XCConfigurationList section */
		0ECD1FD61B5C510600D6CFA5 /* Build configuration list for PBXProject "Cuatro X Carro" */ = {
			isa = XCConfigurationList;
			buildConfigurations = (
				0ECD1FFC1B5C510700D6CFA5 /* Debug */,
				0ECD1FFD1B5C510700D6CFA5 /* Release */,
			);
			defaultConfigurationIsVisible = 0;
			defaultConfigurationName = Release;
		};
		0ECD1FFE1B5C510700D6CFA5 /* Build configuration list for PBXNativeTarget "Cuatro X Carro" */ = {
			isa = XCConfigurationList;
			buildConfigurations = (
				0ECD1FFF1B5C510700D6CFA5 /* Debug */,
				0ECD20001B5C510700D6CFA5 /* Release */,
			);
			defaultConfigurationIsVisible = 0;
			defaultConfigurationName = Release;
		};
		0ECD20011B5C510700D6CFA5 /* Build configuration list for PBXNativeTarget "Cuatro X CarroTests" */ = {
			isa = XCConfigurationList;
			buildConfigurations = (
				0ECD20021B5C510700D6CFA5 /* Debug */,
				0ECD20031B5C510700D6CFA5 /* Release */,
			);
			defaultConfigurationIsVisible = 0;
			defaultConfigurationName = Release;
		};
/* End XCConfigurationList section */
	};
	rootObject = 0ECD1FD31B5C510600D6CFA5 /* Project object */;
}
